// !$*UTF8*$!
{
	archiveVersion = 1;
	classes = {
	};
	objectVersion = 56;
	objects = {

/* Begin PBXBuildFile section */
		27E9B6BA2B48128F009F65FA /* AppDelegate.swift in Sources */ = {isa = PBXBuildFile; fileRef = 27E9B6B92B48128F009F65FA /* AppDelegate.swift */; };
		27E9B6BC2B48128F009F65FA /* SceneDelegate.swift in Sources */ = {isa = PBXBuildFile; fileRef = 27E9B6BB2B48128F009F65FA /* SceneDelegate.swift */; };
		27E9B6BE2B48128F009F65FA /* ViewController.swift in Sources */ = {isa = PBXBuildFile; fileRef = 27E9B6BD2B48128F009F65FA /* ViewController.swift */; };
		27E9B6C12B48128F009F65FA /* Main.storyboard in Resources */ = {isa = PBXBuildFile; fileRef = 27E9B6BF2B48128F009F65FA /* Main.storyboard */; };
		27E9B6C32B481290009F65FA /* Assets.xcassets in Resources */ = {isa = PBXBuildFile; fileRef = 27E9B6C22B481290009F65FA /* Assets.xcassets */; };
		27E9B6C62B481290009F65FA /* LaunchScreen.storyboard in Resources */ = {isa = PBXBuildFile; fileRef = 27E9B6C42B481290009F65FA /* LaunchScreen.storyboard */; };
		27E9B6D12B481290009F65FA /* TabBarCalismasiTests.swift in Sources */ = {isa = PBXBuildFile; fileRef = 27E9B6D02B481290009F65FA /* TabBarCalismasiTests.swift */; };
		27E9B6DB2B481290009F65FA /* TabBarCalismasiUITests.swift in Sources */ = {isa = PBXBuildFile; fileRef = 27E9B6DA2B481290009F65FA /* TabBarCalismasiUITests.swift */; };
		27E9B6DD2B481290009F65FA /* TabBarCalismasiUITestsLaunchTests.swift in Sources */ = {isa = PBXBuildFile; fileRef = 27E9B6DC2B481290009F65FA /* TabBarCalismasiUITestsLaunchTests.swift */; };
/* End PBXBuildFile section */

/* Begin PBXContainerItemProxy section */
		27E9B6CD2B481290009F65FA /* PBXContainerItemProxy */ = {
			isa = PBXContainerItemProxy;
			containerPortal = 27E9B6AE2B48128F009F65FA /* Project object */;
			proxyType = 1;
			remoteGlobalIDString = 27E9B6B52B48128F009F65FA;
			remoteInfo = TabBarCalismasi;
		};
		27E9B6D72B481290009F65FA /* PBXContainerItemProxy */ = {
			isa = PBXContainerItemProxy;
			containerPortal = 27E9B6AE2B48128F009F65FA /* Project object */;
			proxyType = 1;
			remoteGlobalIDString = 27E9B6B52B48128F009F65FA;
			remoteInfo = TabBarCalismasi;
		};
/* End PBXContainerItemProxy section */

/* Begin PBXFileReference section */
		27E9B6B62B48128F009F65FA /* TabBarCalismasi.app */ = {isa = PBXFileReference; explicitFileType = wrapper.application; includeInIndex = 0; path = TabBarCalismasi.app; sourceTree = BUILT_PRODUCTS_DIR; };
		27E9B6B92B48128F009F65FA /* AppDelegate.swift */ = {isa = PBXFileReference; lastKnownFileType = sourcecode.swift; path = AppDelegate.swift; sourceTree = "<group>"; };
		27E9B6BB2B48128F009F65FA /* SceneDelegate.swift */ = {isa = PBXFileReference; lastKnownFileType = sourcecode.swift; path = SceneDelegate.swift; sourceTree = "<group>"; };
		27E9B6BD2B48128F009F65FA /* ViewController.swift */ = {isa = PBXFileReference; lastKnownFileType = sourcecode.swift; path = ViewController.swift; sourceTree = "<group>"; };
		27E9B6C02B48128F009F65FA /* Base */ = {isa = PBXFileReference; lastKnownFileType = file.storyboard; name = Base; path = Base.lproj/Main.storyboard; sourceTree = "<group>"; };
		27E9B6C22B481290009F65FA /* Assets.xcassets */ = {isa = PBXFileReference; lastKnownFileType = folder.assetcatalog; path = Assets.xcassets; sourceTree = "<group>"; };
		27E9B6C52B481290009F65FA /* Base */ = {isa = PBXFileReference; lastKnownFileType = file.storyboard; name = Base; path = Base.lproj/LaunchScreen.storyboard; sourceTree = "<group>"; };
		27E9B6C72B481290009F65FA /* Info.plist */ = {isa = PBXFileReference; lastKnownFileType = text.plist.xml; path = Info.plist; sourceTree = "<group>"; };
		27E9B6CC2B481290009F65FA /* TabBarCalismasiTests.xctest */ = {isa = PBXFileReference; explicitFileType = wrapper.cfbundle; includeInIndex = 0; path = TabBarCalismasiTests.xctest; sourceTree = BUILT_PRODUCTS_DIR; };
		27E9B6D02B481290009F65FA /* TabBarCalismasiTests.swift */ = {isa = PBXFileReference; lastKnownFileType = sourcecode.swift; path = TabBarCalismasiTests.swift; sourceTree = "<group>"; };
		27E9B6D62B481290009F65FA /* TabBarCalismasiUITests.xctest */ = {isa = PBXFileReference; explicitFileType = wrapper.cfbundle; includeInIndex = 0; path = TabBarCalismasiUITests.xctest; sourceTree = BUILT_PRODUCTS_DIR; };
		27E9B6DA2B481290009F65FA /* TabBarCalismasiUITests.swift */ = {isa = PBXFileReference; lastKnownFileType = sourcecode.swift; path = TabBarCalismasiUITests.swift; sourceTree = "<group>"; };
		27E9B6DC2B481290009F65FA /* TabBarCalismasiUITestsLaunchTests.swift */ = {isa = PBXFileReference; lastKnownFileType = sourcecode.swift; path = TabBarCalismasiUITestsLaunchTests.swift; sourceTree = "<group>"; };
/* End PBXFileReference section */

/* Begin PBXFrameworksBuildPhase section */
		27E9B6B32B48128F009F65FA /* Frameworks */ = {
			isa = PBXFrameworksBuildPhase;
			buildActionMask = 2147483647;
			files = (
			);
			runOnlyForDeploymentPostprocessing = 0;
		};
		27E9B6C92B481290009F65FA /* Frameworks */ = {
			isa = PBXFrameworksBuildPhase;
			buildActionMask = 2147483647;
			files = (
			);
			runOnlyForDeploymentPostprocessing = 0;
		};
		27E9B6D32B481290009F65FA /* Frameworks */ = {
			isa = PBXFrameworksBuildPhase;
			buildActionMask = 2147483647;
			files = (
			);
			runOnlyForDeploymentPostprocessing = 0;
		};
/* End PBXFrameworksBuildPhase section */

/* Begin PBXGroup section */
		27E9B6AD2B48128F009F65FA = {
			isa = PBXGroup;
			children = (
				27E9B6B82B48128F009F65FA /* TabBarCalismasi */,
				27E9B6CF2B481290009F65FA /* TabBarCalismasiTests */,
				27E9B6D92B481290009F65FA /* TabBarCalismasiUITests */,
				27E9B6B72B48128F009F65FA /* Products */,
			);
			sourceTree = "<group>";
		};
		27E9B6B72B48128F009F65FA /* Products */ = {
			isa = PBXGroup;
			children = (
				27E9B6B62B48128F009F65FA /* TabBarCalismasi.app */,
				27E9B6CC2B481290009F65FA /* TabBarCalismasiTests.xctest */,
				27E9B6D62B481290009F65FA /* TabBarCalismasiUITests.xctest */,
			);
			name = Products;
			sourceTree = "<group>";
		};
		27E9B6B82B48128F009F65FA /* TabBarCalismasi */ = {
			isa = PBXGroup;
			children = (
				27E9B6B92B48128F009F65FA /* AppDelegate.swift */,
				27E9B6BB2B48128F009F65FA /* SceneDelegate.swift */,
				27E9B6BD2B48128F009F65FA /* ViewController.swift */,
				27E9B6BF2B48128F009F65FA /* Main.storyboard */,
				27E9B6C22B481290009F65FA /* Assets.xcassets */,
				27E9B6C42B481290009F65FA /* LaunchScreen.storyboard */,
				27E9B6C72B481290009F65FA /* Info.plist */,
			);
			path = TabBarCalismasi;
			sourceTree = "<group>";
		};
		27E9B6CF2B481290009F65FA /* TabBarCalismasiTests */ = {
			isa = PBXGroup;
			children = (
				27E9B6D02B481290009F65FA /* TabBarCalismasiTests.swift */,
			);
			path = TabBarCalismasiTests;
			sourceTree = "<group>";
		};
		27E9B6D92B481290009F65FA /* TabBarCalismasiUITests */ = {
			isa = PBXGroup;
			children = (
				27E9B6DA2B481290009F65FA /* TabBarCalismasiUITests.swift */,
				27E9B6DC2B481290009F65FA /* TabBarCalismasiUITestsLaunchTests.swift */,
			);
			path = TabBarCalismasiUITests;
			sourceTree = "<group>";
		};
/* End PBXGroup section */

/* Begin PBXNativeTarget section */
		27E9B6B52B48128F009F65FA /* TabBarCalismasi */ = {
			isa = PBXNativeTarget;
			buildConfigurationList = 27E9B6E02B481290009F65FA /* Build configuration list for PBXNativeTarget "TabBarCalismasi" */;
			buildPhases = (
				27E9B6B22B48128F009F65FA /* Sources */,
				27E9B6B32B48128F009F65FA /* Frameworks */,
				27E9B6B42B48128F009F65FA /* Resources */,
			);
			buildRules = (
			);
			dependencies = (
			);
			name = TabBarCalismasi;
			productName = TabBarCalismasi;
			productReference = 27E9B6B62B48128F009F65FA /* TabBarCalismasi.app */;
			productType = "com.apple.product-type.application";
		};
		27E9B6CB2B481290009F65FA /* TabBarCalismasiTests */ = {
			isa = PBXNativeTarget;
			buildConfigurationList = 27E9B6E32B481290009F65FA /* Build configuration list for PBXNativeTarget "TabBarCalismasiTests" */;
			buildPhases = (
				27E9B6C82B481290009F65FA /* Sources */,
				27E9B6C92B481290009F65FA /* Frameworks */,
				27E9B6CA2B481290009F65FA /* Resources */,
			);
			buildRules = (
			);
			dependencies = (
				27E9B6CE2B481290009F65FA /* PBXTargetDependency */,
			);
			name = TabBarCalismasiTests;
			productName = TabBarCalismasiTests;
			productReference = 27E9B6CC2B481290009F65FA /* TabBarCalismasiTests.xctest */;
			productType = "com.apple.product-type.bundle.unit-test";
		};
		27E9B6D52B481290009F65FA /* TabBarCalismasiUITests */ = {
			isa = PBXNativeTarget;
			buildConfigurationList = 27E9B6E62B481290009F65FA /* Build configuration list for PBXNativeTarget "TabBarCalismasiUITests" */;
			buildPhases = (
				27E9B6D22B481290009F65FA /* Sources */,
				27E9B6D32B481290009F65FA /* Frameworks */,
				27E9B6D42B481290009F65FA /* Resources */,
			);
			buildRules = (
			);
			dependencies = (
				27E9B6D82B481290009F65FA /* PBXTargetDependency */,
			);
			name = TabBarCalismasiUITests;
			productName = TabBarCalismasiUITests;
			productReference = 27E9B6D62B481290009F65FA /* TabBarCalismasiUITests.xctest */;
			productType = "com.apple.product-type.bundle.ui-testing";
		};
/* End PBXNativeTarget section */

/* Begin PBXProject section */
		27E9B6AE2B48128F009F65FA /* Project object */ = {
			isa = PBXProject;
			attributes = {
				BuildIndependentTargetsInParallel = 1;
				LastSwiftUpdateCheck = 1430;
				LastUpgradeCheck = 1430;
				TargetAttributes = {
					27E9B6B52B48128F009F65FA = {
						CreatedOnToolsVersion = 14.3.1;
					};
					27E9B6CB2B481290009F65FA = {
						CreatedOnToolsVersion = 14.3.1;
						TestTargetID = 27E9B6B52B48128F009F65FA;
					};
					27E9B6D52B481290009F65FA = {
						CreatedOnToolsVersion = 14.3.1;
						TestTargetID = 27E9B6B52B48128F009F65FA;
					};
				};
			};
			buildConfigurationList = 27E9B6B12B48128F009F65FA /* Build configuration list for PBXProject "TabBarCalismasi" */;
			compatibilityVersion = "Xcode 14.0";
			developmentRegion = en;
			hasScannedForEncodings = 0;
			knownRegions = (
				en,
				Base,
			);
			mainGroup = 27E9B6AD2B48128F009F65FA;
			productRefGroup = 27E9B6B72B48128F009F65FA /* Products */;
			projectDirPath = "";
			projectRoot = "";
			targets = (
				27E9B6B52B48128F009F65FA /* TabBarCalismasi */,
				27E9B6CB2B481290009F65FA /* TabBarCalismasiTests */,
				27E9B6D52B481290009F65FA /* TabBarCalismasiUITests */,
			);
		};
/* End PBXProject section */

/* Begin PBXResourcesBuildPhase section */
		27E9B6B42B48128F009F65FA /* Resources */ = {
			isa = PBXResourcesBuildPhase;
			buildActionMask = 2147483647;
			files = (
				27E9B6C62B481290009F65FA /* LaunchScreen.storyboard in Resources */,
				27E9B6C32B481290009F65FA /* Assets.xcassets in Resources */,
				27E9B6C12B48128F009F65FA /* Main.storyboard in Resources */,
			);
			runOnlyForDeploymentPostprocessing = 0;
		};
		27E9B6CA2B481290009F65FA /* Resources */ = {
			isa = PBXResourcesBuildPhase;
			buildActionMask = 2147483647;
			files = (
			);
			runOnlyForDeploymentPostprocessing = 0;
		};
		27E9B6D42B481290009F65FA /* Resources */ = {
			isa = PBXResourcesBuildPhase;
			buildActionMask = 2147483647;
			files = (
			);
			runOnlyForDeploymentPostprocessing = 0;
		};
/* End PBXResourcesBuildPhase section */

/* Begin PBXSourcesBuildPhase section */
		27E9B6B22B48128F009F65FA /* Sources */ = {
			isa = PBXSourcesBuildPhase;
			buildActionMask = 2147483647;
			files = (
				27E9B6BE2B48128F009F65FA /* ViewController.swift in Sources */,
				27E9B6BA2B48128F009F65FA /* AppDelegate.swift in Sources */,
				27E9B6BC2B48128F009F65FA /* SceneDelegate.swift in Sources */,
			);
			runOnlyForDeploymentPostprocessing = 0;
		};
		27E9B6C82B481290009F65FA /* Sources */ = {
			isa = PBXSourcesBuildPhase;
			buildActionMask = 2147483647;
			files = (
				27E9B6D12B481290009F65FA /* TabBarCalismasiTests.swift in Sources */,
			);
			runOnlyForDeploymentPostprocessing = 0;
		};
		27E9B6D22B481290009F65FA /* Sources */ = {
			isa = PBXSourcesBuildPhase;
			buildActionMask = 2147483647;
			files = (
				27E9B6DB2B481290009F65FA /* TabBarCalismasiUITests.swift in Sources */,
				27E9B6DD2B481290009F65FA /* TabBarCalismasiUITestsLaunchTests.swift in Sources */,
			);
			runOnlyForDeploymentPostprocessing = 0;
		};
/* End PBXSourcesBuildPhase section */

/* Begin PBXTargetDependency section */
		27E9B6CE2B481290009F65FA /* PBXTargetDependency */ = {
			isa = PBXTargetDependency;
			target = 27E9B6B52B48128F009F65FA /* TabBarCalismasi */;
			targetProxy = 27E9B6CD2B481290009F65FA /* PBXContainerItemProxy */;
		};
		27E9B6D82B481290009F65FA /* PBXTargetDependency */ = {
			isa = PBXTargetDependency;
			target = 27E9B6B52B48128F009F65FA /* TabBarCalismasi */;
			targetProxy = 27E9B6D72B481290009F65FA /* PBXContainerItemProxy */;
		};
/* End PBXTargetDependency section */

/* Begin PBXVariantGroup section */
		27E9B6BF2B48128F009F65FA /* Main.storyboard */ = {
			isa = PBXVariantGroup;
			children = (
				27E9B6C02B48128F009F65FA /* Base */,
			);
			name = Main.storyboard;
			sourceTree = "<group>";
		};
		27E9B6C42B481290009F65FA /* LaunchScreen.storyboard */ = {
			isa = PBXVariantGroup;
			children = (
				27E9B6C52B481290009F65FA /* Base */,
			);
			name = LaunchScreen.storyboard;
			sourceTree = "<group>";
		};
/* End PBXVariantGroup section */

/* Begin XCBuildConfiguration section */
		27E9B6DE2B481290009F65FA /* Debug */ = {
			isa = XCBuildConfiguration;
			buildSettings = {
				ALWAYS_SEARCH_USER_PATHS = NO;
				CLANG_ANALYZER_NONNULL = YES;
				CLANG_ANALYZER_NUMBER_OBJECT_CONVERSION = YES_AGGRESSIVE;
				CLANG_CXX_LANGUAGE_STANDARD = "gnu++20";
				CLANG_ENABLE_MODULES = YES;
				CLANG_ENABLE_OBJC_ARC = YES;
				CLANG_ENABLE_OBJC_WEAK = YES;
				CLANG_WARN_BLOCK_CAPTURE_AUTORELEASING = YES;
				CLANG_WARN_BOOL_CONVERSION = YES;
				CLANG_WARN_COMMA = YES;
				CLANG_WARN_CONSTANT_CONVERSION = YES;
				CLANG_WARN_DEPRECATED_OBJC_IMPLEMENTATIONS = YES;
				CLANG_WARN_DIRECT_OBJC_ISA_USAGE = YES_ERROR;
				CLANG_WARN_DOCUMENTATION_COMMENTS = YES;
				CLANG_WARN_EMPTY_BODY = YES;
				CLANG_WARN_ENUM_CONVERSION = YES;
				CLANG_WARN_INFINITE_RECURSION = YES;
				CLANG_WARN_INT_CONVERSION = YES;
				CLANG_WARN_NON_LITERAL_NULL_CONVERSION = YES;
				CLANG_WARN_OBJC_IMPLICIT_RETAIN_SELF = YES;
				CLANG_WARN_OBJC_LITERAL_CONVERSION = YES;
				CLANG_WARN_OBJC_ROOT_CLASS = YES_ERROR;
				CLANG_WARN_QUOTED_INCLUDE_IN_FRAMEWORK_HEADER = YES;
				CLANG_WARN_RANGE_LOOP_ANALYSIS = YES;
				CLANG_WARN_STRICT_PROTOTYPES = YES;
				CLANG_WARN_SUSPICIOUS_MOVE = YES;
				CLANG_WARN_UNGUARDED_AVAILABILITY = YES_AGGRESSIVE;
				CLANG_WARN_UNREACHABLE_CODE = YES;
				CLANG_WARN__DUPLICATE_METHOD_MATCH = YES;
				COPY_PHASE_STRIP = NO;
				DEBUG_INFORMATION_FORMAT = dwarf;
				ENABLE_STRICT_OBJC_MSGSEND = YES;
				ENABLE_TESTABILITY = YES;
				GCC_C_LANGUAGE_STANDARD = gnu11;
				GCC_DYNAMIC_NO_PIC = NO;
				GCC_NO_COMMON_BLOCKS = YES;
				GCC_OPTIMIZATION_LEVEL = 0;
				GCC_PREPROCESSOR_DEFINITIONS = (
					"DEBUG=1",
					"$(inherited)",
				);
				GCC_WARN_64_TO_32_BIT_CONVERSION = YES;
				GCC_WARN_ABOUT_RETURN_TYPE = YES_ERROR;
				GCC_WARN_UNDECLARED_SELECTOR = YES;
				GCC_WARN_UNINITIALIZED_AUTOS = YES_AGGRESSIVE;
				GCC_WARN_UNUSED_FUNCTION = YES;
				GCC_WARN_UNUSED_VARIABLE = YES;
				IPHONEOS_DEPLOYMENT_TARGET = 16.4;
				MTL_ENABLE_DEBUG_INFO = INCLUDE_SOURCE;
				MTL_FAST_MATH = YES;
				ONLY_ACTIVE_ARCH = YES;
				SDKROOT = iphoneos;
				SWIFT_ACTIVE_COMPILATION_CONDITIONS = DEBUG;
				SWIFT_OPTIMIZATION_LEVEL = "-Onone";
			};
			name = Debug;
		};
		27E9B6DF2B481290009F65FA /* Release */ = {
			isa = XCBuildConfiguration;
			buildSettings = {
				ALWAYS_SEARCH_USER_PATHS = NO;
				CLANG_ANALYZER_NONNULL = YES;
				CLANG_ANALYZER_NUMBER_OBJECT_CONVERSION = YES_AGGRESSIVE;
				CLANG_CXX_LANGUAGE_STANDARD = "gnu++20";
				CLANG_ENABLE_MODULES = YES;
				CLANG_ENABLE_OBJC_ARC = YES;
				CLANG_ENABLE_OBJC_WEAK = YES;
				CLANG_WARN_BLOCK_CAPTURE_AUTORELEASING = YES;
				CLANG_WARN_BOOL_CONVERSION = YES;
				CLANG_WARN_COMMA = YES;
				CLANG_WARN_CONSTANT_CONVERSION = YES;
				CLANG_WARN_DEPRECATED_OBJC_IMPLEMENTATIONS = YES;
				CLANG_WARN_DIRECT_OBJC_ISA_USAGE = YES_ERROR;
				CLANG_WARN_DOCUMENTATION_COMMENTS = YES;
				CLANG_WARN_EMPTY_BODY = YES;
				CLANG_WARN_ENUM_CONVERSION = YES;
				CLANG_WARN_INFINITE_RECURSION = YES;
				CLANG_WARN_INT_CONVERSION = YES;
				CLANG_WARN_NON_LITERAL_NULL_CONVERSION = YES;
				CLANG_WARN_OBJC_IMPLICIT_RETAIN_SELF = YES;
				CLANG_WARN_OBJC_LITERAL_CONVERSION = YES;
				CLANG_WARN_OBJC_ROOT_CLASS = YES_ERROR;
				CLANG_WARN_QUOTED_INCLUDE_IN_FRAMEWORK_HEADER = YES;
				CLANG_WARN_RANGE_LOOP_ANALYSIS = YES;
				CLANG_WARN_STRICT_PROTOTYPES = YES;
				CLANG_WARN_SUSPICIOUS_MOVE = YES;
				CLANG_WARN_UNGUARDED_AVAILABILITY = YES_AGGRESSIVE;
				CLANG_WARN_UNREACHABLE_CODE = YES;
				CLANG_WARN__DUPLICATE_METHOD_MATCH = YES;
				COPY_PHASE_STRIP = NO;
				DEBUG_INFORMATION_FORMAT = "dwarf-with-dsym";
				ENABLE_NS_ASSERTIONS = NO;
				ENABLE_STRICT_OBJC_MSGSEND = YES;
				GCC_C_LANGUAGE_STANDARD = gnu11;
				GCC_NO_COMMON_BLOCKS = YES;
				GCC_WARN_64_TO_32_BIT_CONVERSION = YES;
				GCC_WARN_ABOUT_RETURN_TYPE = YES_ERROR;
				GCC_WARN_UNDECLARED_SELECTOR = YES;
				GCC_WARN_UNINITIALIZED_AUTOS = YES_AGGRESSIVE;
				GCC_WARN_UNUSED_FUNCTION = YES;
				GCC_WARN_UNUSED_VARIABLE = YES;
				IPHONEOS_DEPLOYMENT_TARGET = 16.4;
				MTL_ENABLE_DEBUG_INFO = NO;
				MTL_FAST_MATH = YES;
				SDKROOT = iphoneos;
				SWIFT_COMPILATION_MODE = wholemodule;
				SWIFT_OPTIMIZATION_LEVEL = "-O";
				VALIDATE_PRODUCT = YES;
			};
			name = Release;
		};
		27E9B6E12B481290009F65FA /* Debug */ = {
			isa = XCBuildConfiguration;
			buildSettings = {
				ASSETCATALOG_COMPILER_APPICON_NAME = AppIcon;
				ASSETCATALOG_COMPILER_GLOBAL_ACCENT_COLOR_NAME = AccentColor;
				CODE_SIGN_STYLE = Automatic;
				CURRENT_PROJECT_VERSION = 1;
				GENERATE_INFOPLIST_FILE = YES;
				INFOPLIST_FILE = TabBarCalismasi/Info.plist;
				INFOPLIST_KEY_UIApplicationSupportsIndirectInputEvents = YES;
				INFOPLIST_KEY_UILaunchStoryboardName = LaunchScreen;
				INFOPLIST_KEY_UIMainStoryboardFile = Main;
				INFOPLIST_KEY_UISupportedInterfaceOrientations_iPad = "UIInterfaceOrientationPortrait UIInterfaceOrientationPortraitUpsideDown UIInterfaceOrientationLandscapeLeft UIInterfaceOrientationLandscapeRight";
				INFOPLIST_KEY_UISupportedInterfaceOrientations_iPhone = "UIInterfaceOrientationPortrait UIInterfaceOrientationLandscapeLeft UIInterfaceOrientationLandscapeRight";
				LD_RUNPATH_SEARCH_PATHS = (
					"$(inherited)",
					"@executable_path/Frameworks",
				);
				MARKETING_VERSION = 1.0;
				PRODUCT_BUNDLE_IDENTIFIER = info.TabBarCalismasi;
				PRODUCT_NAME = "$(TARGET_NAME)";
				SWIFT_EMIT_LOC_STRINGS = YES;
				SWIFT_VERSION = 5.0;
				TARGETED_DEVICE_FAMILY = "1,2";
			};
			name = Debug;
		};
		27E9B6E22B481290009F65FA /* Release */ = {
			isa = XCBuildConfiguration;
			buildSettings = {
				ASSETCATALOG_COMPILER_APPICON_NAME = AppIcon;
				ASSETCATALOG_COMPILER_GLOBAL_ACCENT_COLOR_NAME = AccentColor;
				CODE_SIGN_STYLE = Automatic;
				CURRENT_PROJECT_VERSION = 1;
				GENERATE_INFOPLIST_FILE = YES;
				INFOPLIST_FILE = TabBarCalismasi/Info.plist;
				INFOPLIST_KEY_UIApplicationSupportsIndirectInputEvents = YES;
				INFOPLIST_KEY_UILaunchStoryboardName = LaunchScreen;
				INFOPLIST_KEY_UIMainStoryboardFile = Main;
				INFOPLIST_KEY_UISupportedInterfaceOrientations_iPad = "UIInterfaceOrientationPortrait UIInterfaceOrientationPortraitUpsideDown UIInterfaceOrientationLandscapeLeft UIInterfaceOrientationLandscapeRight";
				INFOPLIST_KEY_UISupportedInterfaceOrientations_iPhone = "UIInterfaceOrientationPortrait UIInterfaceOrientationLandscapeLeft UIInterfaceOrientationLandscapeRight";
				LD_RUNPATH_SEARCH_PATHS = (
					"$(inherited)",
					"@executable_path/Frameworks",
				);
				MARKETING_VERSION = 1.0;
				PRODUCT_BUNDLE_IDENTIFIER = info.TabBarCalismasi;
				PRODUCT_NAME = "$(TARGET_NAME)";
				SWIFT_EMIT_LOC_STRINGS = YES;
				SWIFT_VERSION = 5.0;
				TARGETED_DEVICE_FAMILY = "1,2";
			};
			name = Release;
		};
		27E9B6E42B481290009F65FA /* Debug */ = {
			isa = XCBuildConfiguration;
			buildSettings = {
				ALWAYS_EMBED_SWIFT_STANDARD_LIBRARIES = YES;
				BUNDLE_LOADER = "$(TEST_HOST)";
				CODE_SIGN_STYLE = Automatic;
				CURRENT_PROJECT_VERSION = 1;
				GENERATE_INFOPLIST_FILE = YES;
				IPHONEOS_DEPLOYMENT_TARGET = 16.4;
				MARKETING_VERSION = 1.0;
				PRODUCT_BUNDLE_IDENTIFIER = info.TabBarCalismasiTests;
				PRODUCT_NAME = "$(TARGET_NAME)";
				SWIFT_EMIT_LOC_STRINGS = NO;
				SWIFT_VERSION = 5.0;
				TARGETED_DEVICE_FAMILY = "1,2";
				TEST_HOST = "$(BUILT_PRODUCTS_DIR)/TabBarCalismasi.app/$(BUNDLE_EXECUTABLE_FOLDER_PATH)/TabBarCalismasi";
			};
			name = Debug;
		};
		27E9B6E52B481290009F65FA /* Release */ = {
			isa = XCBuildConfiguration;
			buildSettings = {
				ALWAYS_EMBED_SWIFT_STANDARD_LIBRARIES = YES;
				BUNDLE_LOADER = "$(TEST_HOST)";
				CODE_SIGN_STYLE = Automatic;
				CURRENT_PROJECT_VERSION = 1;
				GENERATE_INFOPLIST_FILE = YES;
				IPHONEOS_DEPLOYMENT_TARGET = 16.4;
				MARKETING_VERSION = 1.0;
				PRODUCT_BUNDLE_IDENTIFIER = info.TabBarCalismasiTests;
				PRODUCT_NAME = "$(TARGET_NAME)";
				SWIFT_EMIT_LOC_STRINGS = NO;
				SWIFT_VERSION = 5.0;
				TARGETED_DEVICE_FAMILY = "1,2";
				TEST_HOST = "$(BUILT_PRODUCTS_DIR)/TabBarCalismasi.app/$(BUNDLE_EXECUTABLE_FOLDER_PATH)/TabBarCalismasi";
			};
			name = Release;
		};
		27E9B6E72B481290009F65FA /* Debug */ = {
			isa = XCBuildConfiguration;
			buildSettings = {
				ALWAYS_EMBED_SWIFT_STANDARD_LIBRARIES = YES;
				CODE_SIGN_STYLE = Automatic;
				CURRENT_PROJECT_VERSION = 1;
				GENERATE_INFOPLIST_FILE = YES;
				MARKETING_VERSION = 1.0;
				PRODUCT_BUNDLE_IDENTIFIER = info.TabBarCalismasiUITests;
				PRODUCT_NAME = "$(TARGET_NAME)";
				SWIFT_EMIT_LOC_STRINGS = NO;
				SWIFT_VERSION = 5.0;
				TARGETED_DEVICE_FAMILY = "1,2";
				TEST_TARGET_NAME = TabBarCalismasi;
			};
			name = Debug;
		};
		27E9B6E82B481290009F65FA /* Release */ = {
			isa = XCBuildConfiguration;
			buildSettings = {
				ALWAYS_EMBED_SWIFT_STANDARD_LIBRARIES = YES;
				CODE_SIGN_STYLE = Automatic;
				CURRENT_PROJECT_VERSION = 1;
				GENERATE_INFOPLIST_FILE = YES;
				MARKETING_VERSION = 1.0;
				PRODUCT_BUNDLE_IDENTIFIER = info.TabBarCalismasiUITests;
				PRODUCT_NAME = "$(TARGET_NAME)";
				SWIFT_EMIT_LOC_STRINGS = NO;
				SWIFT_VERSION = 5.0;
				TARGETED_DEVICE_FAMILY = "1,2";
				TEST_TARGET_NAME = TabBarCalismasi;
			};
			name = Release;
		};
/* End XCBuildConfiguration section */

/* Begin XCConfigurationList section */
		27E9B6B12B48128F009F65FA /* Build configuration list for PBXProject "TabBarCalismasi" */ = {
			isa = XCConfigurationList;
			buildConfigurations = (
				27E9B6DE2B481290009F65FA /* Debug */,
				27E9B6DF2B481290009F65FA /* Release */,
			);
			defaultConfigurationIsVisible = 0;
			defaultConfigurationName = Release;
		};
		27E9B6E02B481290009F65FA /* Build configuration list for PBXNativeTarget "TabBarCalismasi" */ = {
			isa = XCConfigurationList;
			buildConfigurations = (
				27E9B6E12B481290009F65FA /* Debug */,
				27E9B6E22B481290009F65FA /* Release */,
			);
			defaultConfigurationIsVisible = 0;
			defaultConfigurationName = Release;
		};
		27E9B6E32B481290009F65FA /* Build configuration list for PBXNativeTarget "TabBarCalismasiTests" */ = {
			isa = XCConfigurationList;
			buildConfigurations = (
				27E9B6E42B481290009F65FA /* Debug */,
				27E9B6E52B481290009F65FA /* Release */,
			);
			defaultConfigurationIsVisible = 0;
			defaultConfigurationName = Release;
		};
		27E9B6E62B481290009F65FA /* Build configuration list for PBXNativeTarget "TabBarCalismasiUITests" */ = {
			isa = XCConfigurationList;
			buildConfigurations = (
				27E9B6E72B481290009F65FA /* Debug */,
				27E9B6E82B481290009F65FA /* Release */,
			);
			defaultConfigurationIsVisible = 0;
			defaultConfigurationName = Release;
		};
/* End XCConfigurationList section */
	};
	rootObject = 27E9B6AE2B48128F009F65FA /* Project object */;
}
