// !$*UTF8*$!
{
	archiveVersion = 1;
	classes = {
	};
	objectVersion = 56;
	objects = {

/* Begin PBXBuildFile section */
		27E9B89C2B4AF3F1009F65FA /* AppDelegate.swift in Sources */ = {isa = PBXBuildFile; fileRef = 27E9B89B2B4AF3F1009F65FA /* AppDelegate.swift */; };
		27E9B89E2B4AF3F1009F65FA /* SceneDelegate.swift in Sources */ = {isa = PBXBuildFile; fileRef = 27E9B89D2B4AF3F1009F65FA /* SceneDelegate.swift */; };
		27E9B8A02B4AF3F1009F65FA /* ViewController.swift in Sources */ = {isa = PBXBuildFile; fileRef = 27E9B89F2B4AF3F1009F65FA /* ViewController.swift */; };
		27E9B8A32B4AF3F1009F65FA /* Main.storyboard in Resources */ = {isa = PBXBuildFile; fileRef = 27E9B8A12B4AF3F1009F65FA /* Main.storyboard */; };
		27E9B8A52B4AF3F2009F65FA /* Assets.xcassets in Resources */ = {isa = PBXBuildFile; fileRef = 27E9B8A42B4AF3F2009F65FA /* Assets.xcassets */; };
		27E9B8A82B4AF3F2009F65FA /* LaunchScreen.storyboard in Resources */ = {isa = PBXBuildFile; fileRef = 27E9B8A62B4AF3F2009F65FA /* LaunchScreen.storyboard */; };
		27E9B8B32B4AF3F2009F65FA /* ActivityIndicatorsTests.swift in Sources */ = {isa = PBXBuildFile; fileRef = 27E9B8B22B4AF3F2009F65FA /* ActivityIndicatorsTests.swift */; };
		27E9B8BD2B4AF3F3009F65FA /* ActivityIndicatorsUITests.swift in Sources */ = {isa = PBXBuildFile; fileRef = 27E9B8BC2B4AF3F3009F65FA /* ActivityIndicatorsUITests.swift */; };
		27E9B8BF2B4AF3F3009F65FA /* ActivityIndicatorsUITestsLaunchTests.swift in Sources */ = {isa = PBXBuildFile; fileRef = 27E9B8BE2B4AF3F3009F65FA /* ActivityIndicatorsUITestsLaunchTests.swift */; };
/* End PBXBuildFile section */

/* Begin PBXContainerItemProxy section */
		27E9B8AF2B4AF3F2009F65FA /* PBXContainerItemProxy */ = {
			isa = PBXContainerItemProxy;
			containerPortal = 27E9B8902B4AF3F1009F65FA /* Project object */;
			proxyType = 1;
			remoteGlobalIDString = 27E9B8972B4AF3F1009F65FA;
			remoteInfo = ActivityIndicators;
		};
		27E9B8B92B4AF3F3009F65FA /* PBXContainerItemProxy */ = {
			isa = PBXContainerItemProxy;
			containerPortal = 27E9B8902B4AF3F1009F65FA /* Project object */;
			proxyType = 1;
			remoteGlobalIDString = 27E9B8972B4AF3F1009F65FA;
			remoteInfo = ActivityIndicators;
		};
/* End PBXContainerItemProxy section */

/* Begin PBXFileReference section */
		27E9B8982B4AF3F1009F65FA /* ActivityIndicators.app */ = {isa = PBXFileReference; explicitFileType = wrapper.application; includeInIndex = 0; path = ActivityIndicators.app; sourceTree = BUILT_PRODUCTS_DIR; };
		27E9B89B2B4AF3F1009F65FA /* AppDelegate.swift */ = {isa = PBXFileReference; lastKnownFileType = sourcecode.swift; path = AppDelegate.swift; sourceTree = "<group>"; };
		27E9B89D2B4AF3F1009F65FA /* SceneDelegate.swift */ = {isa = PBXFileReference; lastKnownFileType = sourcecode.swift; path = SceneDelegate.swift; sourceTree = "<group>"; };
		27E9B89F2B4AF3F1009F65FA /* ViewController.swift */ = {isa = PBXFileReference; lastKnownFileType = sourcecode.swift; path = ViewController.swift; sourceTree = "<group>"; };
		27E9B8A22B4AF3F1009F65FA /* Base */ = {isa = PBXFileReference; lastKnownFileType = file.storyboard; name = Base; path = Base.lproj/Main.storyboard; sourceTree = "<group>"; };
		27E9B8A42B4AF3F2009F65FA /* Assets.xcassets */ = {isa = PBXFileReference; lastKnownFileType = folder.assetcatalog; path = Assets.xcassets; sourceTree = "<group>"; };
		27E9B8A72B4AF3F2009F65FA /* Base */ = {isa = PBXFileReference; lastKnownFileType = file.storyboard; name = Base; path = Base.lproj/LaunchScreen.storyboard; sourceTree = "<group>"; };
		27E9B8A92B4AF3F2009F65FA /* Info.plist */ = {isa = PBXFileReference; lastKnownFileType = text.plist.xml; path = Info.plist; sourceTree = "<group>"; };
		27E9B8AE2B4AF3F2009F65FA /* ActivityIndicatorsTests.xctest */ = {isa = PBXFileReference; explicitFileType = wrapper.cfbundle; includeInIndex = 0; path = ActivityIndicatorsTests.xctest; sourceTree = BUILT_PRODUCTS_DIR; };
		27E9B8B22B4AF3F2009F65FA /* ActivityIndicatorsTests.swift */ = {isa = PBXFileReference; lastKnownFileType = sourcecode.swift; path = ActivityIndicatorsTests.swift; sourceTree = "<group>"; };
		27E9B8B82B4AF3F3009F65FA /* ActivityIndicatorsUITests.xctest */ = {isa = PBXFileReference; explicitFileType = wrapper.cfbundle; includeInIndex = 0; path = ActivityIndicatorsUITests.xctest; sourceTree = BUILT_PRODUCTS_DIR; };
		27E9B8BC2B4AF3F3009F65FA /* ActivityIndicatorsUITests.swift */ = {isa = PBXFileReference; lastKnownFileType = sourcecode.swift; path = ActivityIndicatorsUITests.swift; sourceTree = "<group>"; };
		27E9B8BE2B4AF3F3009F65FA /* ActivityIndicatorsUITestsLaunchTests.swift */ = {isa = PBXFileReference; lastKnownFileType = sourcecode.swift; path = ActivityIndicatorsUITestsLaunchTests.swift; sourceTree = "<group>"; };
/* End PBXFileReference section */

/* Begin PBXFrameworksBuildPhase section */
		27E9B8952B4AF3F1009F65FA /* Frameworks */ = {
			isa = PBXFrameworksBuildPhase;
			buildActionMask = 2147483647;
			files = (
			);
			runOnlyForDeploymentPostprocessing = 0;
		};
		27E9B8AB2B4AF3F2009F65FA /* Frameworks */ = {
			isa = PBXFrameworksBuildPhase;
			buildActionMask = 2147483647;
			files = (
			);
			runOnlyForDeploymentPostprocessing = 0;
		};
		27E9B8B52B4AF3F3009F65FA /* Frameworks */ = {
			isa = PBXFrameworksBuildPhase;
			buildActionMask = 2147483647;
			files = (
			);
			runOnlyForDeploymentPostprocessing = 0;
		};
/* End PBXFrameworksBuildPhase section */

/* Begin PBXGroup section */
		27E9B88F2B4AF3F1009F65FA = {
			isa = PBXGroup;
			children = (
				27E9B89A2B4AF3F1009F65FA /* ActivityIndicators */,
				27E9B8B12B4AF3F2009F65FA /* ActivityIndicatorsTests */,
				27E9B8BB2B4AF3F3009F65FA /* ActivityIndicatorsUITests */,
				27E9B8992B4AF3F1009F65FA /* Products */,
			);
			sourceTree = "<group>";
		};
		27E9B8992B4AF3F1009F65FA /* Products */ = {
			isa = PBXGroup;
			children = (
				27E9B8982B4AF3F1009F65FA /* ActivityIndicators.app */,
				27E9B8AE2B4AF3F2009F65FA /* ActivityIndicatorsTests.xctest */,
				27E9B8B82B4AF3F3009F65FA /* ActivityIndicatorsUITests.xctest */,
			);
			name = Products;
			sourceTree = "<group>";
		};
		27E9B89A2B4AF3F1009F65FA /* ActivityIndicators */ = {
			isa = PBXGroup;
			children = (
				27E9B89B2B4AF3F1009F65FA /* AppDelegate.swift */,
				27E9B89D2B4AF3F1009F65FA /* SceneDelegate.swift */,
				27E9B89F2B4AF3F1009F65FA /* ViewController.swift */,
				27E9B8A12B4AF3F1009F65FA /* Main.storyboard */,
				27E9B8A42B4AF3F2009F65FA /* Assets.xcassets */,
				27E9B8A62B4AF3F2009F65FA /* LaunchScreen.storyboard */,
				27E9B8A92B4AF3F2009F65FA /* Info.plist */,
			);
			path = ActivityIndicators;
			sourceTree = "<group>";
		};
		27E9B8B12B4AF3F2009F65FA /* ActivityIndicatorsTests */ = {
			isa = PBXGroup;
			children = (
				27E9B8B22B4AF3F2009F65FA /* ActivityIndicatorsTests.swift */,
			);
			path = ActivityIndicatorsTests;
			sourceTree = "<group>";
		};
		27E9B8BB2B4AF3F3009F65FA /* ActivityIndicatorsUITests */ = {
			isa = PBXGroup;
			children = (
				27E9B8BC2B4AF3F3009F65FA /* ActivityIndicatorsUITests.swift */,
				27E9B8BE2B4AF3F3009F65FA /* ActivityIndicatorsUITestsLaunchTests.swift */,
			);
			path = ActivityIndicatorsUITests;
			sourceTree = "<group>";
		};
/* End PBXGroup section */

/* Begin PBXNativeTarget section */
		27E9B8972B4AF3F1009F65FA /* ActivityIndicators */ = {
			isa = PBXNativeTarget;
			buildConfigurationList = 27E9B8C22B4AF3F3009F65FA /* Build configuration list for PBXNativeTarget "ActivityIndicators" */;
			buildPhases = (
				27E9B8942B4AF3F1009F65FA /* Sources */,
				27E9B8952B4AF3F1009F65FA /* Frameworks */,
				27E9B8962B4AF3F1009F65FA /* Resources */,
			);
			buildRules = (
			);
			dependencies = (
			);
			name = ActivityIndicators;
			productName = ActivityIndicators;
			productReference = 27E9B8982B4AF3F1009F65FA /* ActivityIndicators.app */;
			productType = "com.apple.product-type.application";
		};
		27E9B8AD2B4AF3F2009F65FA /* ActivityIndicatorsTests */ = {
			isa = PBXNativeTarget;
			buildConfigurationList = 27E9B8C52B4AF3F3009F65FA /* Build configuration list for PBXNativeTarget "ActivityIndicatorsTests" */;
			buildPhases = (
				27E9B8AA2B4AF3F2009F65FA /* Sources */,
				27E9B8AB2B4AF3F2009F65FA /* Frameworks */,
				27E9B8AC2B4AF3F2009F65FA /* Resources */,
			);
			buildRules = (
			);
			dependencies = (
				27E9B8B02B4AF3F2009F65FA /* PBXTargetDependency */,
			);
			name = ActivityIndicatorsTests;
			productName = ActivityIndicatorsTests;
			productReference = 27E9B8AE2B4AF3F2009F65FA /* ActivityIndicatorsTests.xctest */;
			productType = "com.apple.product-type.bundle.unit-test";
		};
		27E9B8B72B4AF3F3009F65FA /* ActivityIndicatorsUITests */ = {
			isa = PBXNativeTarget;
			buildConfigurationList = 27E9B8C82B4AF3F3009F65FA /* Build configuration list for PBXNativeTarget "ActivityIndicatorsUITests" */;
			buildPhases = (
				27E9B8B42B4AF3F3009F65FA /* Sources */,
				27E9B8B52B4AF3F3009F65FA /* Frameworks */,
				27E9B8B62B4AF3F3009F65FA /* Resources */,
			);
			buildRules = (
			);
			dependencies = (
				27E9B8BA2B4AF3F3009F65FA /* PBXTargetDependency */,
			);
			name = ActivityIndicatorsUITests;
			productName = ActivityIndicatorsUITests;
			productReference = 27E9B8B82B4AF3F3009F65FA /* ActivityIndicatorsUITests.xctest */;
			productType = "com.apple.product-type.bundle.ui-testing";
		};
/* End PBXNativeTarget section */

/* Begin PBXProject section */
		27E9B8902B4AF3F1009F65FA /* Project object */ = {
			isa = PBXProject;
			attributes = {
				BuildIndependentTargetsInParallel = 1;
				LastSwiftUpdateCheck = 1430;
				LastUpgradeCheck = 1430;
				TargetAttributes = {
					27E9B8972B4AF3F1009F65FA = {
						CreatedOnToolsVersion = 14.3.1;
					};
					27E9B8AD2B4AF3F2009F65FA = {
						CreatedOnToolsVersion = 14.3.1;
						TestTargetID = 27E9B8972B4AF3F1009F65FA;
					};
					27E9B8B72B4AF3F3009F65FA = {
						CreatedOnToolsVersion = 14.3.1;
						TestTargetID = 27E9B8972B4AF3F1009F65FA;
					};
				};
			};
			buildConfigurationList = 27E9B8932B4AF3F1009F65FA /* Build configuration list for PBXProject "ActivityIndicators" */;
			compatibilityVersion = "Xcode 14.0";
			developmentRegion = en;
			hasScannedForEncodings = 0;
			knownRegions = (
				en,
				Base,
			);
			mainGroup = 27E9B88F2B4AF3F1009F65FA;
			productRefGroup = 27E9B8992B4AF3F1009F65FA /* Products */;
			projectDirPath = "";
			projectRoot = "";
			targets = (
				27E9B8972B4AF3F1009F65FA /* ActivityIndicators */,
				27E9B8AD2B4AF3F2009F65FA /* ActivityIndicatorsTests */,
				27E9B8B72B4AF3F3009F65FA /* ActivityIndicatorsUITests */,
			);
		};
/* End PBXProject section */

/* Begin PBXResourcesBuildPhase section */
		27E9B8962B4AF3F1009F65FA /* Resources */ = {
			isa = PBXResourcesBuildPhase;
			buildActionMask = 2147483647;
			files = (
				27E9B8A82B4AF3F2009F65FA /* LaunchScreen.storyboard in Resources */,
				27E9B8A52B4AF3F2009F65FA /* Assets.xcassets in Resources */,
				27E9B8A32B4AF3F1009F65FA /* Main.storyboard in Resources */,
			);
			runOnlyForDeploymentPostprocessing = 0;
		};
		27E9B8AC2B4AF3F2009F65FA /* Resources */ = {
			isa = PBXResourcesBuildPhase;
			buildActionMask = 2147483647;
			files = (
			);
			runOnlyForDeploymentPostprocessing = 0;
		};
		27E9B8B62B4AF3F3009F65FA /* Resources */ = {
			isa = PBXResourcesBuildPhase;
			buildActionMask = 2147483647;
			files = (
			);
			runOnlyForDeploymentPostprocessing = 0;
		};
/* End PBXResourcesBuildPhase section */

/* Begin PBXSourcesBuildPhase section */
		27E9B8942B4AF3F1009F65FA /* Sources */ = {
			isa = PBXSourcesBuildPhase;
			buildActionMask = 2147483647;
			files = (
				27E9B8A02B4AF3F1009F65FA /* ViewController.swift in Sources */,
				27E9B89C2B4AF3F1009F65FA /* AppDelegate.swift in Sources */,
				27E9B89E2B4AF3F1009F65FA /* SceneDelegate.swift in Sources */,
			);
			runOnlyForDeploymentPostprocessing = 0;
		};
		27E9B8AA2B4AF3F2009F65FA /* Sources */ = {
			isa = PBXSourcesBuildPhase;
			buildActionMask = 2147483647;
			files = (
				27E9B8B32B4AF3F2009F65FA /* ActivityIndicatorsTests.swift in Sources */,
			);
			runOnlyForDeploymentPostprocessing = 0;
		};
		27E9B8B42B4AF3F3009F65FA /* Sources */ = {
			isa = PBXSourcesBuildPhase;
			buildActionMask = 2147483647;
			files = (
				27E9B8BD2B4AF3F3009F65FA /* ActivityIndicatorsUITests.swift in Sources */,
				27E9B8BF2B4AF3F3009F65FA /* ActivityIndicatorsUITestsLaunchTests.swift in Sources */,
			);
			runOnlyForDeploymentPostprocessing = 0;
		};
/* End PBXSourcesBuildPhase section */

/* Begin PBXTargetDependency section */
		27E9B8B02B4AF3F2009F65FA /* PBXTargetDependency */ = {
			isa = PBXTargetDependency;
			target = 27E9B8972B4AF3F1009F65FA /* ActivityIndicators */;
			targetProxy = 27E9B8AF2B4AF3F2009F65FA /* PBXContainerItemProxy */;
		};
		27E9B8BA2B4AF3F3009F65FA /* PBXTargetDependency */ = {
			isa = PBXTargetDependency;
			target = 27E9B8972B4AF3F1009F65FA /* ActivityIndicators */;
			targetProxy = 27E9B8B92B4AF3F3009F65FA /* PBXContainerItemProxy */;
		};
/* End PBXTargetDependency section */

/* Begin PBXVariantGroup section */
		27E9B8A12B4AF3F1009F65FA /* Main.storyboard */ = {
			isa = PBXVariantGroup;
			children = (
				27E9B8A22B4AF3F1009F65FA /* Base */,
			);
			name = Main.storyboard;
			sourceTree = "<group>";
		};
		27E9B8A62B4AF3F2009F65FA /* LaunchScreen.storyboard */ = {
			isa = PBXVariantGroup;
			children = (
				27E9B8A72B4AF3F2009F65FA /* Base */,
			);
			name = LaunchScreen.storyboard;
			sourceTree = "<group>";
		};
/* End PBXVariantGroup section */

/* Begin XCBuildConfiguration section */
		27E9B8C02B4AF3F3009F65FA /* Debug */ = {
			isa = XCBuildConfiguration;
			buildSettings = {
				ALWAYS_SEARCH_USER_PATHS = NO;
				CLANG_ANALYZER_NONNULL = YES;
				CLANG_ANALYZER_NUMBER_OBJECT_CONVERSION = YES_AGGRESSIVE;
				CLANG_CXX_LANGUAGE_STANDARD = "gnu++20";
				CLANG_ENABLE_MODULES = YES;
				CLANG_ENABLE_OBJC_ARC = YES;
				CLANG_ENABLE_OBJC_WEAK = YES;
				CLANG_WARN_BLOCK_CAPTURE_AUTORELEASING = YES;
				CLANG_WARN_BOOL_CONVERSION = YES;
				CLANG_WARN_COMMA = YES;
				CLANG_WARN_CONSTANT_CONVERSION = YES;
				CLANG_WARN_DEPRECATED_OBJC_IMPLEMENTATIONS = YES;
				CLANG_WARN_DIRECT_OBJC_ISA_USAGE = YES_ERROR;
				CLANG_WARN_DOCUMENTATION_COMMENTS = YES;
				CLANG_WARN_EMPTY_BODY = YES;
				CLANG_WARN_ENUM_CONVERSION = YES;
				CLANG_WARN_INFINITE_RECURSION = YES;
				CLANG_WARN_INT_CONVERSION = YES;
				CLANG_WARN_NON_LITERAL_NULL_CONVERSION = YES;
				CLANG_WARN_OBJC_IMPLICIT_RETAIN_SELF = YES;
				CLANG_WARN_OBJC_LITERAL_CONVERSION = YES;
				CLANG_WARN_OBJC_ROOT_CLASS = YES_ERROR;
				CLANG_WARN_QUOTED_INCLUDE_IN_FRAMEWORK_HEADER = YES;
				CLANG_WARN_RANGE_LOOP_ANALYSIS = YES;
				CLANG_WARN_STRICT_PROTOTYPES = YES;
				CLANG_WARN_SUSPICIOUS_MOVE = YES;
				CLANG_WARN_UNGUARDED_AVAILABILITY = YES_AGGRESSIVE;
				CLANG_WARN_UNREACHABLE_CODE = YES;
				CLANG_WARN__DUPLICATE_METHOD_MATCH = YES;
				COPY_PHASE_STRIP = NO;
				DEBUG_INFORMATION_FORMAT = dwarf;
				ENABLE_STRICT_OBJC_MSGSEND = YES;
				ENABLE_TESTABILITY = YES;
				GCC_C_LANGUAGE_STANDARD = gnu11;
				GCC_DYNAMIC_NO_PIC = NO;
				GCC_NO_COMMON_BLOCKS = YES;
				GCC_OPTIMIZATION_LEVEL = 0;
				GCC_PREPROCESSOR_DEFINITIONS = (
					"DEBUG=1",
					"$(inherited)",
				);
				GCC_WARN_64_TO_32_BIT_CONVERSION = YES;
				GCC_WARN_ABOUT_RETURN_TYPE = YES_ERROR;
				GCC_WARN_UNDECLARED_SELECTOR = YES;
				GCC_WARN_UNINITIALIZED_AUTOS = YES_AGGRESSIVE;
				GCC_WARN_UNUSED_FUNCTION = YES;
				GCC_WARN_UNUSED_VARIABLE = YES;
				IPHONEOS_DEPLOYMENT_TARGET = 16.4;
				MTL_ENABLE_DEBUG_INFO = INCLUDE_SOURCE;
				MTL_FAST_MATH = YES;
				ONLY_ACTIVE_ARCH = YES;
				SDKROOT = iphoneos;
				SWIFT_ACTIVE_COMPILATION_CONDITIONS = DEBUG;
				SWIFT_OPTIMIZATION_LEVEL = "-Onone";
			};
			name = Debug;
		};
		27E9B8C12B4AF3F3009F65FA /* Release */ = {
			isa = XCBuildConfiguration;
			buildSettings = {
				ALWAYS_SEARCH_USER_PATHS = NO;
				CLANG_ANALYZER_NONNULL = YES;
				CLANG_ANALYZER_NUMBER_OBJECT_CONVERSION = YES_AGGRESSIVE;
				CLANG_CXX_LANGUAGE_STANDARD = "gnu++20";
				CLANG_ENABLE_MODULES = YES;
				CLANG_ENABLE_OBJC_ARC = YES;
				CLANG_ENABLE_OBJC_WEAK = YES;
				CLANG_WARN_BLOCK_CAPTURE_AUTORELEASING = YES;
				CLANG_WARN_BOOL_CONVERSION = YES;
				CLANG_WARN_COMMA = YES;
				CLANG_WARN_CONSTANT_CONVERSION = YES;
				CLANG_WARN_DEPRECATED_OBJC_IMPLEMENTATIONS = YES;
				CLANG_WARN_DIRECT_OBJC_ISA_USAGE = YES_ERROR;
				CLANG_WARN_DOCUMENTATION_COMMENTS = YES;
				CLANG_WARN_EMPTY_BODY = YES;
				CLANG_WARN_ENUM_CONVERSION = YES;
				CLANG_WARN_INFINITE_RECURSION = YES;
				CLANG_WARN_INT_CONVERSION = YES;
				CLANG_WARN_NON_LITERAL_NULL_CONVERSION = YES;
				CLANG_WARN_OBJC_IMPLICIT_RETAIN_SELF = YES;
				CLANG_WARN_OBJC_LITERAL_CONVERSION = YES;
				CLANG_WARN_OBJC_ROOT_CLASS = YES_ERROR;
				CLANG_WARN_QUOTED_INCLUDE_IN_FRAMEWORK_HEADER = YES;
				CLANG_WARN_RANGE_LOOP_ANALYSIS = YES;
				CLANG_WARN_STRICT_PROTOTYPES = YES;
				CLANG_WARN_SUSPICIOUS_MOVE = YES;
				CLANG_WARN_UNGUARDED_AVAILABILITY = YES_AGGRESSIVE;
				CLANG_WARN_UNREACHABLE_CODE = YES;
				CLANG_WARN__DUPLICATE_METHOD_MATCH = YES;
				COPY_PHASE_STRIP = NO;
				DEBUG_INFORMATION_FORMAT = "dwarf-with-dsym";
				ENABLE_NS_ASSERTIONS = NO;
				ENABLE_STRICT_OBJC_MSGSEND = YES;
				GCC_C_LANGUAGE_STANDARD = gnu11;
				GCC_NO_COMMON_BLOCKS = YES;
				GCC_WARN_64_TO_32_BIT_CONVERSION = YES;
				GCC_WARN_ABOUT_RETURN_TYPE = YES_ERROR;
				GCC_WARN_UNDECLARED_SELECTOR = YES;
				GCC_WARN_UNINITIALIZED_AUTOS = YES_AGGRESSIVE;
				GCC_WARN_UNUSED_FUNCTION = YES;
				GCC_WARN_UNUSED_VARIABLE = YES;
				IPHONEOS_DEPLOYMENT_TARGET = 16.4;
				MTL_ENABLE_DEBUG_INFO = NO;
				MTL_FAST_MATH = YES;
				SDKROOT = iphoneos;
				SWIFT_COMPILATION_MODE = wholemodule;
				SWIFT_OPTIMIZATION_LEVEL = "-O";
				VALIDATE_PRODUCT = YES;
			};
			name = Release;
		};
		27E9B8C32B4AF3F3009F65FA /* Debug */ = {
			isa = XCBuildConfiguration;
			buildSettings = {
				ASSETCATALOG_COMPILER_APPICON_NAME = AppIcon;
				ASSETCATALOG_COMPILER_GLOBAL_ACCENT_COLOR_NAME = AccentColor;
				CODE_SIGN_STYLE = Automatic;
				CURRENT_PROJECT_VERSION = 1;
				GENERATE_INFOPLIST_FILE = YES;
				INFOPLIST_FILE = ActivityIndicators/Info.plist;
				INFOPLIST_KEY_UIApplicationSupportsIndirectInputEvents = YES;
				INFOPLIST_KEY_UILaunchStoryboardName = LaunchScreen;
				INFOPLIST_KEY_UIMainStoryboardFile = Main;
				INFOPLIST_KEY_UISupportedInterfaceOrientations_iPad = "UIInterfaceOrientationPortrait UIInterfaceOrientationPortraitUpsideDown UIInterfaceOrientationLandscapeLeft UIInterfaceOrientationLandscapeRight";
				INFOPLIST_KEY_UISupportedInterfaceOrientations_iPhone = "UIInterfaceOrientationPortrait UIInterfaceOrientationLandscapeLeft UIInterfaceOrientationLandscapeRight";
				LD_RUNPATH_SEARCH_PATHS = (
					"$(inherited)",
					"@executable_path/Frameworks",
				);
				MARKETING_VERSION = 1.0;
				PRODUCT_BUNDLE_IDENTIFIER = info.ActivityIndicators;
				PRODUCT_NAME = "$(TARGET_NAME)";
				SWIFT_EMIT_LOC_STRINGS = YES;
				SWIFT_VERSION = 5.0;
				TARGETED_DEVICE_FAMILY = "1,2";
			};
			name = Debug;
		};
		27E9B8C42B4AF3F3009F65FA /* Release */ = {
			isa = XCBuildConfiguration;
			buildSettings = {
				ASSETCATALOG_COMPILER_APPICON_NAME = AppIcon;
				ASSETCATALOG_COMPILER_GLOBAL_ACCENT_COLOR_NAME = AccentColor;
				CODE_SIGN_STYLE = Automatic;
				CURRENT_PROJECT_VERSION = 1;
				GENERATE_INFOPLIST_FILE = YES;
				INFOPLIST_FILE = ActivityIndicators/Info.plist;
				INFOPLIST_KEY_UIApplicationSupportsIndirectInputEvents = YES;
				INFOPLIST_KEY_UILaunchStoryboardName = LaunchScreen;
				INFOPLIST_KEY_UIMainStoryboardFile = Main;
				INFOPLIST_KEY_UISupportedInterfaceOrientations_iPad = "UIInterfaceOrientationPortrait UIInterfaceOrientationPortraitUpsideDown UIInterfaceOrientationLandscapeLeft UIInterfaceOrientationLandscapeRight";
				INFOPLIST_KEY_UISupportedInterfaceOrientations_iPhone = "UIInterfaceOrientationPortrait UIInterfaceOrientationLandscapeLeft UIInterfaceOrientationLandscapeRight";
				LD_RUNPATH_SEARCH_PATHS = (
					"$(inherited)",
					"@executable_path/Frameworks",
				);
				MARKETING_VERSION = 1.0;
				PRODUCT_BUNDLE_IDENTIFIER = info.ActivityIndicators;
				PRODUCT_NAME = "$(TARGET_NAME)";
				SWIFT_EMIT_LOC_STRINGS = YES;
				SWIFT_VERSION = 5.0;
				TARGETED_DEVICE_FAMILY = "1,2";
			};
			name = Release;
		};
		27E9B8C62B4AF3F3009F65FA /* Debug */ = {
			isa = XCBuildConfiguration;
			buildSettings = {
				ALWAYS_EMBED_SWIFT_STANDARD_LIBRARIES = YES;
				BUNDLE_LOADER = "$(TEST_HOST)";
				CODE_SIGN_STYLE = Automatic;
				CURRENT_PROJECT_VERSION = 1;
				GENERATE_INFOPLIST_FILE = YES;
				IPHONEOS_DEPLOYMENT_TARGET = 16.4;
				MARKETING_VERSION = 1.0;
				PRODUCT_BUNDLE_IDENTIFIER = info.ActivityIndicatorsTests;
				PRODUCT_NAME = "$(TARGET_NAME)";
				SWIFT_EMIT_LOC_STRINGS = NO;
				SWIFT_VERSION = 5.0;
				TARGETED_DEVICE_FAMILY = "1,2";
				TEST_HOST = "$(BUILT_PRODUCTS_DIR)/ActivityIndicators.app/$(BUNDLE_EXECUTABLE_FOLDER_PATH)/ActivityIndicators";
			};
			name = Debug;
		};
		27E9B8C72B4AF3F3009F65FA /* Release */ = {
			isa = XCBuildConfiguration;
			buildSettings = {
				ALWAYS_EMBED_SWIFT_STANDARD_LIBRARIES = YES;
				BUNDLE_LOADER = "$(TEST_HOST)";
				CODE_SIGN_STYLE = Automatic;
				CURRENT_PROJECT_VERSION = 1;
				GENERATE_INFOPLIST_FILE = YES;
				IPHONEOS_DEPLOYMENT_TARGET = 16.4;
				MARKETING_VERSION = 1.0;
				PRODUCT_BUNDLE_IDENTIFIER = info.ActivityIndicatorsTests;
				PRODUCT_NAME = "$(TARGET_NAME)";
				SWIFT_EMIT_LOC_STRINGS = NO;
				SWIFT_VERSION = 5.0;
				TARGETED_DEVICE_FAMILY = "1,2";
				TEST_HOST = "$(BUILT_PRODUCTS_DIR)/ActivityIndicators.app/$(BUNDLE_EXECUTABLE_FOLDER_PATH)/ActivityIndicators";
			};
			name = Release;
		};
		27E9B8C92B4AF3F3009F65FA /* Debug */ = {
			isa = XCBuildConfiguration;
			buildSettings = {
				ALWAYS_EMBED_SWIFT_STANDARD_LIBRARIES = YES;
				CODE_SIGN_STYLE = Automatic;
				CURRENT_PROJECT_VERSION = 1;
				GENERATE_INFOPLIST_FILE = YES;
				MARKETING_VERSION = 1.0;
				PRODUCT_BUNDLE_IDENTIFIER = info.ActivityIndicatorsUITests;
				PRODUCT_NAME = "$(TARGET_NAME)";
				SWIFT_EMIT_LOC_STRINGS = NO;
				SWIFT_VERSION = 5.0;
				TARGETED_DEVICE_FAMILY = "1,2";
				TEST_TARGET_NAME = ActivityIndicators;
			};
			name = Debug;
		};
		27E9B8CA2B4AF3F3009F65FA /* Release */ = {
			isa = XCBuildConfiguration;
			buildSettings = {
				ALWAYS_EMBED_SWIFT_STANDARD_LIBRARIES = YES;
				CODE_SIGN_STYLE = Automatic;
				CURRENT_PROJECT_VERSION = 1;
				GENERATE_INFOPLIST_FILE = YES;
				MARKETING_VERSION = 1.0;
				PRODUCT_BUNDLE_IDENTIFIER = info.ActivityIndicatorsUITests;
				PRODUCT_NAME = "$(TARGET_NAME)";
				SWIFT_EMIT_LOC_STRINGS = NO;
				SWIFT_VERSION = 5.0;
				TARGETED_DEVICE_FAMILY = "1,2";
				TEST_TARGET_NAME = ActivityIndicators;
			};
			name = Release;
		};
/* End XCBuildConfiguration section */

/* Begin XCConfigurationList section */
		27E9B8932B4AF3F1009F65FA /* Build configuration list for PBXProject "ActivityIndicators" */ = {
			isa = XCConfigurationList;
			buildConfigurations = (
				27E9B8C02B4AF3F3009F65FA /* Debug */,
				27E9B8C12B4AF3F3009F65FA /* Release */,
			);
			defaultConfigurationIsVisible = 0;
			defaultConfigurationName = Release;
		};
		27E9B8C22B4AF3F3009F65FA /* Build configuration list for PBXNativeTarget "ActivityIndicators" */ = {
			isa = XCConfigurationList;
			buildConfigurations = (
				27E9B8C32B4AF3F3009F65FA /* Debug */,
				27E9B8C42B4AF3F3009F65FA /* Release */,
			);
			defaultConfigurationIsVisible = 0;
			defaultConfigurationName = Release;
		};
		27E9B8C52B4AF3F3009F65FA /* Build configuration list for PBXNativeTarget "ActivityIndicatorsTests" */ = {
			isa = XCConfigurationList;
			buildConfigurations = (
				27E9B8C62B4AF3F3009F65FA /* Debug */,
				27E9B8C72B4AF3F3009F65FA /* Release */,
			);
			defaultConfigurationIsVisible = 0;
			defaultConfigurationName = Release;
		};
		27E9B8C82B4AF3F3009F65FA /* Build configuration list for PBXNativeTarget "ActivityIndicatorsUITests" */ = {
			isa = XCConfigurationList;
			buildConfigurations = (
				27E9B8C92B4AF3F3009F65FA /* Debug */,
				27E9B8CA2B4AF3F3009F65FA /* Release */,
			);
			defaultConfigurationIsVisible = 0;
			defaultConfigurationName = Release;
		};
/* End XCConfigurationList section */
	};
	rootObject = 27E9B8902B4AF3F1009F65FA /* Project object */;
}
