// !$*UTF8*$!
{
	archiveVersion = 1;
	classes = {
	};
	objectVersion = 56;
	objects = {

/* Begin PBXBuildFile section */
		27E9B6422B4599E4009F65FA /* AppDelegate.swift in Sources */ = {isa = PBXBuildFile; fileRef = 27E9B6412B4599E4009F65FA /* AppDelegate.swift */; };
		27E9B6442B4599E4009F65FA /* SceneDelegate.swift in Sources */ = {isa = PBXBuildFile; fileRef = 27E9B6432B4599E4009F65FA /* SceneDelegate.swift */; };
		27E9B6462B4599E4009F65FA /* ViewController.swift in Sources */ = {isa = PBXBuildFile; fileRef = 27E9B6452B4599E4009F65FA /* ViewController.swift */; };
		27E9B6492B4599E4009F65FA /* Main.storyboard in Resources */ = {isa = PBXBuildFile; fileRef = 27E9B6472B4599E4009F65FA /* Main.storyboard */; };
		27E9B64B2B4599E5009F65FA /* Assets.xcassets in Resources */ = {isa = PBXBuildFile; fileRef = 27E9B64A2B4599E5009F65FA /* Assets.xcassets */; };
		27E9B64E2B4599E5009F65FA /* LaunchScreen.storyboard in Resources */ = {isa = PBXBuildFile; fileRef = 27E9B64C2B4599E5009F65FA /* LaunchScreen.storyboard */; };
		27E9B6592B4599E5009F65FA /* NavigationControllerCalismasiTests.swift in Sources */ = {isa = PBXBuildFile; fileRef = 27E9B6582B4599E5009F65FA /* NavigationControllerCalismasiTests.swift */; };
		27E9B6632B4599E5009F65FA /* NavigationControllerCalismasiUITests.swift in Sources */ = {isa = PBXBuildFile; fileRef = 27E9B6622B4599E5009F65FA /* NavigationControllerCalismasiUITests.swift */; };
		27E9B6652B4599E5009F65FA /* NavigationControllerCalismasiUITestsLaunchTests.swift in Sources */ = {isa = PBXBuildFile; fileRef = 27E9B6642B4599E5009F65FA /* NavigationControllerCalismasiUITestsLaunchTests.swift */; };
/* End PBXBuildFile section */

/* Begin PBXContainerItemProxy section */
		27E9B6552B4599E5009F65FA /* PBXContainerItemProxy */ = {
			isa = PBXContainerItemProxy;
			containerPortal = 27E9B6362B4599E4009F65FA /* Project object */;
			proxyType = 1;
			remoteGlobalIDString = 27E9B63D2B4599E4009F65FA;
			remoteInfo = NavigationControllerCalismasi;
		};
		27E9B65F2B4599E5009F65FA /* PBXContainerItemProxy */ = {
			isa = PBXContainerItemProxy;
			containerPortal = 27E9B6362B4599E4009F65FA /* Project object */;
			proxyType = 1;
			remoteGlobalIDString = 27E9B63D2B4599E4009F65FA;
			remoteInfo = NavigationControllerCalismasi;
		};
/* End PBXContainerItemProxy section */

/* Begin PBXFileReference section */
		27E9B63E2B4599E4009F65FA /* NavigationControllerCalismasi.app */ = {isa = PBXFileReference; explicitFileType = wrapper.application; includeInIndex = 0; path = NavigationControllerCalismasi.app; sourceTree = BUILT_PRODUCTS_DIR; };
		27E9B6412B4599E4009F65FA /* AppDelegate.swift */ = {isa = PBXFileReference; lastKnownFileType = sourcecode.swift; path = AppDelegate.swift; sourceTree = "<group>"; };
		27E9B6432B4599E4009F65FA /* SceneDelegate.swift */ = {isa = PBXFileReference; lastKnownFileType = sourcecode.swift; path = SceneDelegate.swift; sourceTree = "<group>"; };
		27E9B6452B4599E4009F65FA /* ViewController.swift */ = {isa = PBXFileReference; lastKnownFileType = sourcecode.swift; path = ViewController.swift; sourceTree = "<group>"; };
		27E9B6482B4599E4009F65FA /* Base */ = {isa = PBXFileReference; lastKnownFileType = file.storyboard; name = Base; path = Base.lproj/Main.storyboard; sourceTree = "<group>"; };
		27E9B64A2B4599E5009F65FA /* Assets.xcassets */ = {isa = PBXFileReference; lastKnownFileType = folder.assetcatalog; path = Assets.xcassets; sourceTree = "<group>"; };
		27E9B64D2B4599E5009F65FA /* Base */ = {isa = PBXFileReference; lastKnownFileType = file.storyboard; name = Base; path = Base.lproj/LaunchScreen.storyboard; sourceTree = "<group>"; };
		27E9B64F2B4599E5009F65FA /* Info.plist */ = {isa = PBXFileReference; lastKnownFileType = text.plist.xml; path = Info.plist; sourceTree = "<group>"; };
		27E9B6542B4599E5009F65FA /* NavigationControllerCalismasiTests.xctest */ = {isa = PBXFileReference; explicitFileType = wrapper.cfbundle; includeInIndex = 0; path = NavigationControllerCalismasiTests.xctest; sourceTree = BUILT_PRODUCTS_DIR; };
		27E9B6582B4599E5009F65FA /* NavigationControllerCalismasiTests.swift */ = {isa = PBXFileReference; lastKnownFileType = sourcecode.swift; path = NavigationControllerCalismasiTests.swift; sourceTree = "<group>"; };
		27E9B65E2B4599E5009F65FA /* NavigationControllerCalismasiUITests.xctest */ = {isa = PBXFileReference; explicitFileType = wrapper.cfbundle; includeInIndex = 0; path = NavigationControllerCalismasiUITests.xctest; sourceTree = BUILT_PRODUCTS_DIR; };
		27E9B6622B4599E5009F65FA /* NavigationControllerCalismasiUITests.swift */ = {isa = PBXFileReference; lastKnownFileType = sourcecode.swift; path = NavigationControllerCalismasiUITests.swift; sourceTree = "<group>"; };
		27E9B6642B4599E5009F65FA /* NavigationControllerCalismasiUITestsLaunchTests.swift */ = {isa = PBXFileReference; lastKnownFileType = sourcecode.swift; path = NavigationControllerCalismasiUITestsLaunchTests.swift; sourceTree = "<group>"; };
/* End PBXFileReference section */

/* Begin PBXFrameworksBuildPhase section */
		27E9B63B2B4599E4009F65FA /* Frameworks */ = {
			isa = PBXFrameworksBuildPhase;
			buildActionMask = 2147483647;
			files = (
			);
			runOnlyForDeploymentPostprocessing = 0;
		};
		27E9B6512B4599E5009F65FA /* Frameworks */ = {
			isa = PBXFrameworksBuildPhase;
			buildActionMask = 2147483647;
			files = (
			);
			runOnlyForDeploymentPostprocessing = 0;
		};
		27E9B65B2B4599E5009F65FA /* Frameworks */ = {
			isa = PBXFrameworksBuildPhase;
			buildActionMask = 2147483647;
			files = (
			);
			runOnlyForDeploymentPostprocessing = 0;
		};
/* End PBXFrameworksBuildPhase section */

/* Begin PBXGroup section */
		27E9B6352B4599E4009F65FA = {
			isa = PBXGroup;
			children = (
				27E9B6402B4599E4009F65FA /* NavigationControllerCalismasi */,
				27E9B6572B4599E5009F65FA /* NavigationControllerCalismasiTests */,
				27E9B6612B4599E5009F65FA /* NavigationControllerCalismasiUITests */,
				27E9B63F2B4599E4009F65FA /* Products */,
			);
			sourceTree = "<group>";
		};
		27E9B63F2B4599E4009F65FA /* Products */ = {
			isa = PBXGroup;
			children = (
				27E9B63E2B4599E4009F65FA /* NavigationControllerCalismasi.app */,
				27E9B6542B4599E5009F65FA /* NavigationControllerCalismasiTests.xctest */,
				27E9B65E2B4599E5009F65FA /* NavigationControllerCalismasiUITests.xctest */,
			);
			name = Products;
			sourceTree = "<group>";
		};
		27E9B6402B4599E4009F65FA /* NavigationControllerCalismasi */ = {
			isa = PBXGroup;
			children = (
				27E9B6412B4599E4009F65FA /* AppDelegate.swift */,
				27E9B6432B4599E4009F65FA /* SceneDelegate.swift */,
				27E9B6452B4599E4009F65FA /* ViewController.swift */,
				27E9B6472B4599E4009F65FA /* Main.storyboard */,
				27E9B64A2B4599E5009F65FA /* Assets.xcassets */,
				27E9B64C2B4599E5009F65FA /* LaunchScreen.storyboard */,
				27E9B64F2B4599E5009F65FA /* Info.plist */,
			);
			path = NavigationControllerCalismasi;
			sourceTree = "<group>";
		};
		27E9B6572B4599E5009F65FA /* NavigationControllerCalismasiTests */ = {
			isa = PBXGroup;
			children = (
				27E9B6582B4599E5009F65FA /* NavigationControllerCalismasiTests.swift */,
			);
			path = NavigationControllerCalismasiTests;
			sourceTree = "<group>";
		};
		27E9B6612B4599E5009F65FA /* NavigationControllerCalismasiUITests */ = {
			isa = PBXGroup;
			children = (
				27E9B6622B4599E5009F65FA /* NavigationControllerCalismasiUITests.swift */,
				27E9B6642B4599E5009F65FA /* NavigationControllerCalismasiUITestsLaunchTests.swift */,
			);
			path = NavigationControllerCalismasiUITests;
			sourceTree = "<group>";
		};
/* End PBXGroup section */

/* Begin PBXNativeTarget section */
		27E9B63D2B4599E4009F65FA /* NavigationControllerCalismasi */ = {
			isa = PBXNativeTarget;
			buildConfigurationList = 27E9B6682B4599E5009F65FA /* Build configuration list for PBXNativeTarget "NavigationControllerCalismasi" */;
			buildPhases = (
				27E9B63A2B4599E4009F65FA /* Sources */,
				27E9B63B2B4599E4009F65FA /* Frameworks */,
				27E9B63C2B4599E4009F65FA /* Resources */,
			);
			buildRules = (
			);
			dependencies = (
			);
			name = NavigationControllerCalismasi;
			productName = NavigationControllerCalismasi;
			productReference = 27E9B63E2B4599E4009F65FA /* NavigationControllerCalismasi.app */;
			productType = "com.apple.product-type.application";
		};
		27E9B6532B4599E5009F65FA /* NavigationControllerCalismasiTests */ = {
			isa = PBXNativeTarget;
			buildConfigurationList = 27E9B66B2B4599E5009F65FA /* Build configuration list for PBXNativeTarget "NavigationControllerCalismasiTests" */;
			buildPhases = (
				27E9B6502B4599E5009F65FA /* Sources */,
				27E9B6512B4599E5009F65FA /* Frameworks */,
				27E9B6522B4599E5009F65FA /* Resources */,
			);
			buildRules = (
			);
			dependencies = (
				27E9B6562B4599E5009F65FA /* PBXTargetDependency */,
			);
			name = NavigationControllerCalismasiTests;
			productName = NavigationControllerCalismasiTests;
			productReference = 27E9B6542B4599E5009F65FA /* NavigationControllerCalismasiTests.xctest */;
			productType = "com.apple.product-type.bundle.unit-test";
		};
		27E9B65D2B4599E5009F65FA /* NavigationControllerCalismasiUITests */ = {
			isa = PBXNativeTarget;
			buildConfigurationList = 27E9B66E2B4599E5009F65FA /* Build configuration list for PBXNativeTarget "NavigationControllerCalismasiUITests" */;
			buildPhases = (
				27E9B65A2B4599E5009F65FA /* Sources */,
				27E9B65B2B4599E5009F65FA /* Frameworks */,
				27E9B65C2B4599E5009F65FA /* Resources */,
			);
			buildRules = (
			);
			dependencies = (
				27E9B6602B4599E5009F65FA /* PBXTargetDependency */,
			);
			name = NavigationControllerCalismasiUITests;
			productName = NavigationControllerCalismasiUITests;
			productReference = 27E9B65E2B4599E5009F65FA /* NavigationControllerCalismasiUITests.xctest */;
			productType = "com.apple.product-type.bundle.ui-testing";
		};
/* End PBXNativeTarget section */

/* Begin PBXProject section */
		27E9B6362B4599E4009F65FA /* Project object */ = {
			isa = PBXProject;
			attributes = {
				BuildIndependentTargetsInParallel = 1;
				LastSwiftUpdateCheck = 1430;
				LastUpgradeCheck = 1430;
				TargetAttributes = {
					27E9B63D2B4599E4009F65FA = {
						CreatedOnToolsVersion = 14.3.1;
					};
					27E9B6532B4599E5009F65FA = {
						CreatedOnToolsVersion = 14.3.1;
						TestTargetID = 27E9B63D2B4599E4009F65FA;
					};
					27E9B65D2B4599E5009F65FA = {
						CreatedOnToolsVersion = 14.3.1;
						TestTargetID = 27E9B63D2B4599E4009F65FA;
					};
				};
			};
			buildConfigurationList = 27E9B6392B4599E4009F65FA /* Build configuration list for PBXProject "NavigationControllerCalismasi" */;
			compatibilityVersion = "Xcode 14.0";
			developmentRegion = en;
			hasScannedForEncodings = 0;
			knownRegions = (
				en,
				Base,
			);
			mainGroup = 27E9B6352B4599E4009F65FA;
			productRefGroup = 27E9B63F2B4599E4009F65FA /* Products */;
			projectDirPath = "";
			projectRoot = "";
			targets = (
				27E9B63D2B4599E4009F65FA /* NavigationControllerCalismasi */,
				27E9B6532B4599E5009F65FA /* NavigationControllerCalismasiTests */,
				27E9B65D2B4599E5009F65FA /* NavigationControllerCalismasiUITests */,
			);
		};
/* End PBXProject section */

/* Begin PBXResourcesBuildPhase section */
		27E9B63C2B4599E4009F65FA /* Resources */ = {
			isa = PBXResourcesBuildPhase;
			buildActionMask = 2147483647;
			files = (
				27E9B64E2B4599E5009F65FA /* LaunchScreen.storyboard in Resources */,
				27E9B64B2B4599E5009F65FA /* Assets.xcassets in Resources */,
				27E9B6492B4599E4009F65FA /* Main.storyboard in Resources */,
			);
			runOnlyForDeploymentPostprocessing = 0;
		};
		27E9B6522B4599E5009F65FA /* Resources */ = {
			isa = PBXResourcesBuildPhase;
			buildActionMask = 2147483647;
			files = (
			);
			runOnlyForDeploymentPostprocessing = 0;
		};
		27E9B65C2B4599E5009F65FA /* Resources */ = {
			isa = PBXResourcesBuildPhase;
			buildActionMask = 2147483647;
			files = (
			);
			runOnlyForDeploymentPostprocessing = 0;
		};
/* End PBXResourcesBuildPhase section */

/* Begin PBXSourcesBuildPhase section */
		27E9B63A2B4599E4009F65FA /* Sources */ = {
			isa = PBXSourcesBuildPhase;
			buildActionMask = 2147483647;
			files = (
				27E9B6462B4599E4009F65FA /* ViewController.swift in Sources */,
				27E9B6422B4599E4009F65FA /* AppDelegate.swift in Sources */,
				27E9B6442B4599E4009F65FA /* SceneDelegate.swift in Sources */,
			);
			runOnlyForDeploymentPostprocessing = 0;
		};
		27E9B6502B4599E5009F65FA /* Sources */ = {
			isa = PBXSourcesBuildPhase;
			buildActionMask = 2147483647;
			files = (
				27E9B6592B4599E5009F65FA /* NavigationControllerCalismasiTests.swift in Sources */,
			);
			runOnlyForDeploymentPostprocessing = 0;
		};
		27E9B65A2B4599E5009F65FA /* Sources */ = {
			isa = PBXSourcesBuildPhase;
			buildActionMask = 2147483647;
			files = (
				27E9B6632B4599E5009F65FA /* NavigationControllerCalismasiUITests.swift in Sources */,
				27E9B6652B4599E5009F65FA /* NavigationControllerCalismasiUITestsLaunchTests.swift in Sources */,
			);
			runOnlyForDeploymentPostprocessing = 0;
		};
/* End PBXSourcesBuildPhase section */

/* Begin PBXTargetDependency section */
		27E9B6562B4599E5009F65FA /* PBXTargetDependency */ = {
			isa = PBXTargetDependency;
			target = 27E9B63D2B4599E4009F65FA /* NavigationControllerCalismasi */;
			targetProxy = 27E9B6552B4599E5009F65FA /* PBXContainerItemProxy */;
		};
		27E9B6602B4599E5009F65FA /* PBXTargetDependency */ = {
			isa = PBXTargetDependency;
			target = 27E9B63D2B4599E4009F65FA /* NavigationControllerCalismasi */;
			targetProxy = 27E9B65F2B4599E5009F65FA /* PBXContainerItemProxy */;
		};
/* End PBXTargetDependency section */

/* Begin PBXVariantGroup section */
		27E9B6472B4599E4009F65FA /* Main.storyboard */ = {
			isa = PBXVariantGroup;
			children = (
				27E9B6482B4599E4009F65FA /* Base */,
			);
			name = Main.storyboard;
			sourceTree = "<group>";
		};
		27E9B64C2B4599E5009F65FA /* LaunchScreen.storyboard */ = {
			isa = PBXVariantGroup;
			children = (
				27E9B64D2B4599E5009F65FA /* Base */,
			);
			name = LaunchScreen.storyboard;
			sourceTree = "<group>";
		};
/* End PBXVariantGroup section */

/* Begin XCBuildConfiguration section */
		27E9B6662B4599E5009F65FA /* Debug */ = {
			isa = XCBuildConfiguration;
			buildSettings = {
				ALWAYS_SEARCH_USER_PATHS = NO;
				CLANG_ANALYZER_NONNULL = YES;
				CLANG_ANALYZER_NUMBER_OBJECT_CONVERSION = YES_AGGRESSIVE;
				CLANG_CXX_LANGUAGE_STANDARD = "gnu++20";
				CLANG_ENABLE_MODULES = YES;
				CLANG_ENABLE_OBJC_ARC = YES;
				CLANG_ENABLE_OBJC_WEAK = YES;
				CLANG_WARN_BLOCK_CAPTURE_AUTORELEASING = YES;
				CLANG_WARN_BOOL_CONVERSION = YES;
				CLANG_WARN_COMMA = YES;
				CLANG_WARN_CONSTANT_CONVERSION = YES;
				CLANG_WARN_DEPRECATED_OBJC_IMPLEMENTATIONS = YES;
				CLANG_WARN_DIRECT_OBJC_ISA_USAGE = YES_ERROR;
				CLANG_WARN_DOCUMENTATION_COMMENTS = YES;
				CLANG_WARN_EMPTY_BODY = YES;
				CLANG_WARN_ENUM_CONVERSION = YES;
				CLANG_WARN_INFINITE_RECURSION = YES;
				CLANG_WARN_INT_CONVERSION = YES;
				CLANG_WARN_NON_LITERAL_NULL_CONVERSION = YES;
				CLANG_WARN_OBJC_IMPLICIT_RETAIN_SELF = YES;
				CLANG_WARN_OBJC_LITERAL_CONVERSION = YES;
				CLANG_WARN_OBJC_ROOT_CLASS = YES_ERROR;
				CLANG_WARN_QUOTED_INCLUDE_IN_FRAMEWORK_HEADER = YES;
				CLANG_WARN_RANGE_LOOP_ANALYSIS = YES;
				CLANG_WARN_STRICT_PROTOTYPES = YES;
				CLANG_WARN_SUSPICIOUS_MOVE = YES;
				CLANG_WARN_UNGUARDED_AVAILABILITY = YES_AGGRESSIVE;
				CLANG_WARN_UNREACHABLE_CODE = YES;
				CLANG_WARN__DUPLICATE_METHOD_MATCH = YES;
				COPY_PHASE_STRIP = NO;
				DEBUG_INFORMATION_FORMAT = dwarf;
				ENABLE_STRICT_OBJC_MSGSEND = YES;
				ENABLE_TESTABILITY = YES;
				GCC_C_LANGUAGE_STANDARD = gnu11;
				GCC_DYNAMIC_NO_PIC = NO;
				GCC_NO_COMMON_BLOCKS = YES;
				GCC_OPTIMIZATION_LEVEL = 0;
				GCC_PREPROCESSOR_DEFINITIONS = (
					"DEBUG=1",
					"$(inherited)",
				);
				GCC_WARN_64_TO_32_BIT_CONVERSION = YES;
				GCC_WARN_ABOUT_RETURN_TYPE = YES_ERROR;
				GCC_WARN_UNDECLARED_SELECTOR = YES;
				GCC_WARN_UNINITIALIZED_AUTOS = YES_AGGRESSIVE;
				GCC_WARN_UNUSED_FUNCTION = YES;
				GCC_WARN_UNUSED_VARIABLE = YES;
				IPHONEOS_DEPLOYMENT_TARGET = 16.4;
				MTL_ENABLE_DEBUG_INFO = INCLUDE_SOURCE;
				MTL_FAST_MATH = YES;
				ONLY_ACTIVE_ARCH = YES;
				SDKROOT = iphoneos;
				SWIFT_ACTIVE_COMPILATION_CONDITIONS = DEBUG;
				SWIFT_OPTIMIZATION_LEVEL = "-Onone";
			};
			name = Debug;
		};
		27E9B6672B4599E5009F65FA /* Release */ = {
			isa = XCBuildConfiguration;
			buildSettings = {
				ALWAYS_SEARCH_USER_PATHS = NO;
				CLANG_ANALYZER_NONNULL = YES;
				CLANG_ANALYZER_NUMBER_OBJECT_CONVERSION = YES_AGGRESSIVE;
				CLANG_CXX_LANGUAGE_STANDARD = "gnu++20";
				CLANG_ENABLE_MODULES = YES;
				CLANG_ENABLE_OBJC_ARC = YES;
				CLANG_ENABLE_OBJC_WEAK = YES;
				CLANG_WARN_BLOCK_CAPTURE_AUTORELEASING = YES;
				CLANG_WARN_BOOL_CONVERSION = YES;
				CLANG_WARN_COMMA = YES;
				CLANG_WARN_CONSTANT_CONVERSION = YES;
				CLANG_WARN_DEPRECATED_OBJC_IMPLEMENTATIONS = YES;
				CLANG_WARN_DIRECT_OBJC_ISA_USAGE = YES_ERROR;
				CLANG_WARN_DOCUMENTATION_COMMENTS = YES;
				CLANG_WARN_EMPTY_BODY = YES;
				CLANG_WARN_ENUM_CONVERSION = YES;
				CLANG_WARN_INFINITE_RECURSION = YES;
				CLANG_WARN_INT_CONVERSION = YES;
				CLANG_WARN_NON_LITERAL_NULL_CONVERSION = YES;
				CLANG_WARN_OBJC_IMPLICIT_RETAIN_SELF = YES;
				CLANG_WARN_OBJC_LITERAL_CONVERSION = YES;
				CLANG_WARN_OBJC_ROOT_CLASS = YES_ERROR;
				CLANG_WARN_QUOTED_INCLUDE_IN_FRAMEWORK_HEADER = YES;
				CLANG_WARN_RANGE_LOOP_ANALYSIS = YES;
				CLANG_WARN_STRICT_PROTOTYPES = YES;
				CLANG_WARN_SUSPICIOUS_MOVE = YES;
				CLANG_WARN_UNGUARDED_AVAILABILITY = YES_AGGRESSIVE;
				CLANG_WARN_UNREACHABLE_CODE = YES;
				CLANG_WARN__DUPLICATE_METHOD_MATCH = YES;
				COPY_PHASE_STRIP = NO;
				DEBUG_INFORMATION_FORMAT = "dwarf-with-dsym";
				ENABLE_NS_ASSERTIONS = NO;
				ENABLE_STRICT_OBJC_MSGSEND = YES;
				GCC_C_LANGUAGE_STANDARD = gnu11;
				GCC_NO_COMMON_BLOCKS = YES;
				GCC_WARN_64_TO_32_BIT_CONVERSION = YES;
				GCC_WARN_ABOUT_RETURN_TYPE = YES_ERROR;
				GCC_WARN_UNDECLARED_SELECTOR = YES;
				GCC_WARN_UNINITIALIZED_AUTOS = YES_AGGRESSIVE;
				GCC_WARN_UNUSED_FUNCTION = YES;
				GCC_WARN_UNUSED_VARIABLE = YES;
				IPHONEOS_DEPLOYMENT_TARGET = 16.4;
				MTL_ENABLE_DEBUG_INFO = NO;
				MTL_FAST_MATH = YES;
				SDKROOT = iphoneos;
				SWIFT_COMPILATION_MODE = wholemodule;
				SWIFT_OPTIMIZATION_LEVEL = "-O";
				VALIDATE_PRODUCT = YES;
			};
			name = Release;
		};
		27E9B6692B4599E5009F65FA /* Debug */ = {
			isa = XCBuildConfiguration;
			buildSettings = {
				ASSETCATALOG_COMPILER_APPICON_NAME = AppIcon;
				ASSETCATALOG_COMPILER_GLOBAL_ACCENT_COLOR_NAME = AccentColor;
				CODE_SIGN_STYLE = Automatic;
				CURRENT_PROJECT_VERSION = 1;
				GENERATE_INFOPLIST_FILE = YES;
				INFOPLIST_FILE = NavigationControllerCalismasi/Info.plist;
				INFOPLIST_KEY_UIApplicationSupportsIndirectInputEvents = YES;
				INFOPLIST_KEY_UILaunchStoryboardName = LaunchScreen;
				INFOPLIST_KEY_UIMainStoryboardFile = Main;
				INFOPLIST_KEY_UISupportedInterfaceOrientations_iPad = "UIInterfaceOrientationPortrait UIInterfaceOrientationPortraitUpsideDown UIInterfaceOrientationLandscapeLeft UIInterfaceOrientationLandscapeRight";
				INFOPLIST_KEY_UISupportedInterfaceOrientations_iPhone = "UIInterfaceOrientationPortrait UIInterfaceOrientationLandscapeLeft UIInterfaceOrientationLandscapeRight";
				LD_RUNPATH_SEARCH_PATHS = (
					"$(inherited)",
					"@executable_path/Frameworks",
				);
				MARKETING_VERSION = 1.0;
				PRODUCT_BUNDLE_IDENTIFIER = info.NavigationControllerCalismasi;
				PRODUCT_NAME = "$(TARGET_NAME)";
				SWIFT_EMIT_LOC_STRINGS = YES;
				SWIFT_VERSION = 5.0;
				TARGETED_DEVICE_FAMILY = "1,2";
			};
			name = Debug;
		};
		27E9B66A2B4599E5009F65FA /* Release */ = {
			isa = XCBuildConfiguration;
			buildSettings = {
				ASSETCATALOG_COMPILER_APPICON_NAME = AppIcon;
				ASSETCATALOG_COMPILER_GLOBAL_ACCENT_COLOR_NAME = AccentColor;
				CODE_SIGN_STYLE = Automatic;
				CURRENT_PROJECT_VERSION = 1;
				GENERATE_INFOPLIST_FILE = YES;
				INFOPLIST_FILE = NavigationControllerCalismasi/Info.plist;
				INFOPLIST_KEY_UIApplicationSupportsIndirectInputEvents = YES;
				INFOPLIST_KEY_UILaunchStoryboardName = LaunchScreen;
				INFOPLIST_KEY_UIMainStoryboardFile = Main;
				INFOPLIST_KEY_UISupportedInterfaceOrientations_iPad = "UIInterfaceOrientationPortrait UIInterfaceOrientationPortraitUpsideDown UIInterfaceOrientationLandscapeLeft UIInterfaceOrientationLandscapeRight";
				INFOPLIST_KEY_UISupportedInterfaceOrientations_iPhone = "UIInterfaceOrientationPortrait UIInterfaceOrientationLandscapeLeft UIInterfaceOrientationLandscapeRight";
				LD_RUNPATH_SEARCH_PATHS = (
					"$(inherited)",
					"@executable_path/Frameworks",
				);
				MARKETING_VERSION = 1.0;
				PRODUCT_BUNDLE_IDENTIFIER = info.NavigationControllerCalismasi;
				PRODUCT_NAME = "$(TARGET_NAME)";
				SWIFT_EMIT_LOC_STRINGS = YES;
				SWIFT_VERSION = 5.0;
				TARGETED_DEVICE_FAMILY = "1,2";
			};
			name = Release;
		};
		27E9B66C2B4599E5009F65FA /* Debug */ = {
			isa = XCBuildConfiguration;
			buildSettings = {
				ALWAYS_EMBED_SWIFT_STANDARD_LIBRARIES = YES;
				BUNDLE_LOADER = "$(TEST_HOST)";
				CODE_SIGN_STYLE = Automatic;
				CURRENT_PROJECT_VERSION = 1;
				GENERATE_INFOPLIST_FILE = YES;
				IPHONEOS_DEPLOYMENT_TARGET = 16.4;
				MARKETING_VERSION = 1.0;
				PRODUCT_BUNDLE_IDENTIFIER = info.NavigationControllerCalismasiTests;
				PRODUCT_NAME = "$(TARGET_NAME)";
				SWIFT_EMIT_LOC_STRINGS = NO;
				SWIFT_VERSION = 5.0;
				TARGETED_DEVICE_FAMILY = "1,2";
				TEST_HOST = "$(BUILT_PRODUCTS_DIR)/NavigationControllerCalismasi.app/$(BUNDLE_EXECUTABLE_FOLDER_PATH)/NavigationControllerCalismasi";
			};
			name = Debug;
		};
		27E9B66D2B4599E5009F65FA /* Release */ = {
			isa = XCBuildConfiguration;
			buildSettings = {
				ALWAYS_EMBED_SWIFT_STANDARD_LIBRARIES = YES;
				BUNDLE_LOADER = "$(TEST_HOST)";
				CODE_SIGN_STYLE = Automatic;
				CURRENT_PROJECT_VERSION = 1;
				GENERATE_INFOPLIST_FILE = YES;
				IPHONEOS_DEPLOYMENT_TARGET = 16.4;
				MARKETING_VERSION = 1.0;
				PRODUCT_BUNDLE_IDENTIFIER = info.NavigationControllerCalismasiTests;
				PRODUCT_NAME = "$(TARGET_NAME)";
				SWIFT_EMIT_LOC_STRINGS = NO;
				SWIFT_VERSION = 5.0;
				TARGETED_DEVICE_FAMILY = "1,2";
				TEST_HOST = "$(BUILT_PRODUCTS_DIR)/NavigationControllerCalismasi.app/$(BUNDLE_EXECUTABLE_FOLDER_PATH)/NavigationControllerCalismasi";
			};
			name = Release;
		};
		27E9B66F2B4599E5009F65FA /* Debug */ = {
			isa = XCBuildConfiguration;
			buildSettings = {
				ALWAYS_EMBED_SWIFT_STANDARD_LIBRARIES = YES;
				CODE_SIGN_STYLE = Automatic;
				CURRENT_PROJECT_VERSION = 1;
				GENERATE_INFOPLIST_FILE = YES;
				MARKETING_VERSION = 1.0;
				PRODUCT_BUNDLE_IDENTIFIER = info.NavigationControllerCalismasiUITests;
				PRODUCT_NAME = "$(TARGET_NAME)";
				SWIFT_EMIT_LOC_STRINGS = NO;
				SWIFT_VERSION = 5.0;
				TARGETED_DEVICE_FAMILY = "1,2";
				TEST_TARGET_NAME = NavigationControllerCalismasi;
			};
			name = Debug;
		};
		27E9B6702B4599E5009F65FA /* Release */ = {
			isa = XCBuildConfiguration;
			buildSettings = {
				ALWAYS_EMBED_SWIFT_STANDARD_LIBRARIES = YES;
				CODE_SIGN_STYLE = Automatic;
				CURRENT_PROJECT_VERSION = 1;
				GENERATE_INFOPLIST_FILE = YES;
				MARKETING_VERSION = 1.0;
				PRODUCT_BUNDLE_IDENTIFIER = info.NavigationControllerCalismasiUITests;
				PRODUCT_NAME = "$(TARGET_NAME)";
				SWIFT_EMIT_LOC_STRINGS = NO;
				SWIFT_VERSION = 5.0;
				TARGETED_DEVICE_FAMILY = "1,2";
				TEST_TARGET_NAME = NavigationControllerCalismasi;
			};
			name = Release;
		};
/* End XCBuildConfiguration section */

/* Begin XCConfigurationList section */
		27E9B6392B4599E4009F65FA /* Build configuration list for PBXProject "NavigationControllerCalismasi" */ = {
			isa = XCConfigurationList;
			buildConfigurations = (
				27E9B6662B4599E5009F65FA /* Debug */,
				27E9B6672B4599E5009F65FA /* Release */,
			);
			defaultConfigurationIsVisible = 0;
			defaultConfigurationName = Release;
		};
		27E9B6682B4599E5009F65FA /* Build configuration list for PBXNativeTarget "NavigationControllerCalismasi" */ = {
			isa = XCConfigurationList;
			buildConfigurations = (
				27E9B6692B4599E5009F65FA /* Debug */,
				27E9B66A2B4599E5009F65FA /* Release */,
			);
			defaultConfigurationIsVisible = 0;
			defaultConfigurationName = Release;
		};
		27E9B66B2B4599E5009F65FA /* Build configuration list for PBXNativeTarget "NavigationControllerCalismasiTests" */ = {
			isa = XCConfigurationList;
			buildConfigurations = (
				27E9B66C2B4599E5009F65FA /* Debug */,
				27E9B66D2B4599E5009F65FA /* Release */,
			);
			defaultConfigurationIsVisible = 0;
			defaultConfigurationName = Release;
		};
		27E9B66E2B4599E5009F65FA /* Build configuration list for PBXNativeTarget "NavigationControllerCalismasiUITests" */ = {
			isa = XCConfigurationList;
			buildConfigurations = (
				27E9B66F2B4599E5009F65FA /* Debug */,
				27E9B6702B4599E5009F65FA /* Release */,
			);
			defaultConfigurationIsVisible = 0;
			defaultConfigurationName = Release;
		};
/* End XCConfigurationList section */
	};
	rootObject = 27E9B6362B4599E4009F65FA /* Project object */;
}
